// !$*UTF8*$!
{
	archiveVersion = 1;
	classes = {
	};
	objectVersion = 46;
	objects = {

/* Begin PBXBuildFile section */
		0B18D60D19402F8A0083D19A /* Foundation.framework in Frameworks */ = {isa = PBXBuildFile; fileRef = 0BF7C6B318C6E1AD00B22BF1 /* Foundation.framework */; };
		0B18D61019402F8A0083D19A /* main.m in Sources */ = {isa = PBXBuildFile; fileRef = 0B18D60F19402F8A0083D19A /* main.m */; };
		0B18D61419402F8A0083D19A /* bloodSheltie_example.1 in CopyFiles */ = {isa = PBXBuildFile; fileRef = 0B18D61319402F8A0083D19A /* bloodSheltie_example.1 */; };
		0B18D6181940306A0083D19A /* bloodSheltie.framework in Frameworks */ = {isa = PBXBuildFile; fileRef = 0BF7C5C518C6E0A300B22BF1 /* bloodSheltie.framework */; };
		0B18D61B194030E90083D19A /* LoggingObserver.m in Sources */ = {isa = PBXBuildFile; fileRef = 0B18D61A194030E90083D19A /* LoggingObserver.m */; };
		0BF7C5C918C6E0A300B22BF1 /* Cocoa.framework in Frameworks */ = {isa = PBXBuildFile; fileRef = 0BF7C5C818C6E0A300B22BF1 /* Cocoa.framework */; };
		0BF7C5D318C6E0A300B22BF1 /* InfoPlist.strings in Resources */ = {isa = PBXBuildFile; fileRef = 0BF7C5D118C6E0A300B22BF1 /* InfoPlist.strings */; };
		0BF7C5DE18C6E0A300B22BF1 /* XCTest.framework in Frameworks */ = {isa = PBXBuildFile; fileRef = 0BF7C5DD18C6E0A300B22BF1 /* XCTest.framework */; };
		0BF7C5DF18C6E0A300B22BF1 /* Cocoa.framework in Frameworks */ = {isa = PBXBuildFile; fileRef = 0BF7C5C818C6E0A300B22BF1 /* Cocoa.framework */; };
		0BF7C5E218C6E0A300B22BF1 /* bloodSheltie.framework in Frameworks */ = {isa = PBXBuildFile; fileRef = 0BF7C5C518C6E0A300B22BF1 /* bloodSheltie.framework */; };
		0BF7C5E818C6E0A300B22BF1 /* InfoPlist.strings in Resources */ = {isa = PBXBuildFile; fileRef = 0BF7C5E618C6E0A300B22BF1 /* InfoPlist.strings */; };
		0BF7C5F518C6E0D100B22BF1 /* RecordSyncTag.h in Headers */ = {isa = PBXBuildFile; fileRef = 0BF7C5F318C6E0D100B22BF1 /* RecordSyncTag.h */; settings = {ATTRIBUTES = (Public, ); }; };
		0BF7C5F618C6E0D100B22BF1 /* RecordSyncTag.m in Sources */ = {isa = PBXBuildFile; fileRef = 0BF7C5F418C6E0D100B22BF1 /* RecordSyncTag.m */; };
		0BF7C5FE18C6E0E100B22BF1 /* SyncData.h in Headers */ = {isa = PBXBuildFile; fileRef = 0BF7C5F718C6E0E100B22BF1 /* SyncData.h */; settings = {ATTRIBUTES = (Public, ); }; };
		0BF7C5FF18C6E0E100B22BF1 /* SyncData.m in Sources */ = {isa = PBXBuildFile; fileRef = 0BF7C5F818C6E0E100B22BF1 /* SyncData.m */; };
		0BF7C60018C6E0E100B22BF1 /* SyncEventObserver.h in Headers */ = {isa = PBXBuildFile; fileRef = 0BF7C5F918C6E0E100B22BF1 /* SyncEventObserver.h */; settings = {ATTRIBUTES = (Public, ); }; };
		0BF7C60118C6E0E100B22BF1 /* SyncManager.h in Headers */ = {isa = PBXBuildFile; fileRef = 0BF7C5FA18C6E0E100B22BF1 /* SyncManager.h */; settings = {ATTRIBUTES = (Public, ); }; };
		0BF7C60218C6E0E100B22BF1 /* SyncManager.m in Sources */ = {isa = PBXBuildFile; fileRef = 0BF7C5FB18C6E0E100B22BF1 /* SyncManager.m */; };
		0BF7C60318C6E0E100B22BF1 /* SyncTag.h in Headers */ = {isa = PBXBuildFile; fileRef = 0BF7C5FC18C6E0E100B22BF1 /* SyncTag.h */; settings = {ATTRIBUTES = (Public, ); }; };
		0BF7C60418C6E0E100B22BF1 /* SyncTag.m in Sources */ = {isa = PBXBuildFile; fileRef = 0BF7C5FD18C6E0E100B22BF1 /* SyncTag.m */; };
		0BF7C60C18C6E0FC00B22BF1 /* ReadDatabasePageRangeRequest.h in Headers */ = {isa = PBXBuildFile; fileRef = 0BF7C60618C6E0FC00B22BF1 /* ReadDatabasePageRangeRequest.h */; settings = {ATTRIBUTES = (Public, ); }; };
		0BF7C60D18C6E0FC00B22BF1 /* ReadDatabasePageRangeRequest.m in Sources */ = {isa = PBXBuildFile; fileRef = 0BF7C60718C6E0FC00B22BF1 /* ReadDatabasePageRangeRequest.m */; };
		0BF7C60E18C6E0FC00B22BF1 /* ReadDatabasePagesRequest.h in Headers */ = {isa = PBXBuildFile; fileRef = 0BF7C60818C6E0FC00B22BF1 /* ReadDatabasePagesRequest.h */; settings = {ATTRIBUTES = (Public, ); }; };
		0BF7C60F18C6E0FC00B22BF1 /* ReadDatabasePagesRequest.m in Sources */ = {isa = PBXBuildFile; fileRef = 0BF7C60918C6E0FC00B22BF1 /* ReadDatabasePagesRequest.m */; };
		0BF7C61018C6E0FC00B22BF1 /* ReceiverRequest.h in Headers */ = {isa = PBXBuildFile; fileRef = 0BF7C60A18C6E0FC00B22BF1 /* ReceiverRequest.h */; settings = {ATTRIBUTES = (Public, ); }; };
		0BF7C61118C6E0FC00B22BF1 /* ReceiverRequest.m in Sources */ = {isa = PBXBuildFile; fileRef = 0BF7C60B18C6E0FC00B22BF1 /* ReceiverRequest.m */; };
		0BF7C62B18C6E10800B22BF1 /* GenericPayload.h in Headers */ = {isa = PBXBuildFile; fileRef = 0BF7C61318C6E10800B22BF1 /* GenericPayload.h */; settings = {ATTRIBUTES = (Public, ); }; };
		0BF7C62C18C6E10800B22BF1 /* GenericPayload.m in Sources */ = {isa = PBXBuildFile; fileRef = 0BF7C61418C6E10800B22BF1 /* GenericPayload.m */; };
		0BF7C62D18C6E10800B22BF1 /* GenericRecord.h in Headers */ = {isa = PBXBuildFile; fileRef = 0BF7C61518C6E10800B22BF1 /* GenericRecord.h */; settings = {ATTRIBUTES = (Public, ); }; };
		0BF7C62E18C6E10800B22BF1 /* GenericRecord.m in Sources */ = {isa = PBXBuildFile; fileRef = 0BF7C61618C6E10800B22BF1 /* GenericRecord.m */; };
		0BF7C62F18C6E10800B22BF1 /* GlucoseReadRecord.h in Headers */ = {isa = PBXBuildFile; fileRef = 0BF7C61718C6E10800B22BF1 /* GlucoseReadRecord.h */; settings = {ATTRIBUTES = (Public, ); }; };
		0BF7C63018C6E10800B22BF1 /* GlucoseReadRecord.m in Sources */ = {isa = PBXBuildFile; fileRef = 0BF7C61818C6E10800B22BF1 /* GlucoseReadRecord.m */; };
		0BF7C63118C6E10800B22BF1 /* GlucoseUnitSetting.h in Headers */ = {isa = PBXBuildFile; fileRef = 0BF7C61918C6E10800B22BF1 /* GlucoseUnitSetting.h */; settings = {ATTRIBUTES = (Public, ); }; };
		0BF7C63218C6E10800B22BF1 /* GlucoseUnitSetting.m in Sources */ = {isa = PBXBuildFile; fileRef = 0BF7C61A18C6E10800B22BF1 /* GlucoseUnitSetting.m */; };
		0BF7C63318C6E10800B22BF1 /* ManufacturingParameters.h in Headers */ = {isa = PBXBuildFile; fileRef = 0BF7C61B18C6E10800B22BF1 /* ManufacturingParameters.h */; settings = {ATTRIBUTES = (Public, ); }; };
		0BF7C63418C6E10800B22BF1 /* ManufacturingParameters.m in Sources */ = {isa = PBXBuildFile; fileRef = 0BF7C61C18C6E10800B22BF1 /* ManufacturingParameters.m */; };
		0BF7C63518C6E10800B22BF1 /* MeterReadRecord.h in Headers */ = {isa = PBXBuildFile; fileRef = 0BF7C61D18C6E10800B22BF1 /* MeterReadRecord.h */; settings = {ATTRIBUTES = (Public, ); }; };
		0BF7C63618C6E10800B22BF1 /* MeterReadRecord.m in Sources */ = {isa = PBXBuildFile; fileRef = 0BF7C61E18C6E10800B22BF1 /* MeterReadRecord.m */; };
		0BF7C63718C6E10800B22BF1 /* PageRange.h in Headers */ = {isa = PBXBuildFile; fileRef = 0BF7C61F18C6E10800B22BF1 /* PageRange.h */; settings = {ATTRIBUTES = (Public, ); }; };
		0BF7C63818C6E10800B22BF1 /* PageRange.m in Sources */ = {isa = PBXBuildFile; fileRef = 0BF7C62018C6E10800B22BF1 /* PageRange.m */; };
		0BF7C63918C6E10800B22BF1 /* ReceiverResponse.h in Headers */ = {isa = PBXBuildFile; fileRef = 0BF7C62118C6E10800B22BF1 /* ReceiverResponse.h */; settings = {ATTRIBUTES = (Public, ); }; };
		0BF7C63A18C6E10800B22BF1 /* ReceiverResponse.m in Sources */ = {isa = PBXBuildFile; fileRef = 0BF7C62218C6E10800B22BF1 /* ReceiverResponse.m */; };
		0BF7C63B18C6E10800B22BF1 /* RecordData.h in Headers */ = {isa = PBXBuildFile; fileRef = 0BF7C62318C6E10800B22BF1 /* RecordData.h */; settings = {ATTRIBUTES = (Public, ); }; };
		0BF7C63C18C6E10800B22BF1 /* RecordData.m in Sources */ = {isa = PBXBuildFile; fileRef = 0BF7C62418C6E10800B22BF1 /* RecordData.m */; };
		0BF7C63D18C6E10800B22BF1 /* ResponseHeader.h in Headers */ = {isa = PBXBuildFile; fileRef = 0BF7C62518C6E10800B22BF1 /* ResponseHeader.h */; settings = {ATTRIBUTES = (Public, ); }; };
		0BF7C63E18C6E10800B22BF1 /* ResponseHeader.m in Sources */ = {isa = PBXBuildFile; fileRef = 0BF7C62618C6E10800B22BF1 /* ResponseHeader.m */; };
		0BF7C63F18C6E10800B22BF1 /* ResponsePayload.h in Headers */ = {isa = PBXBuildFile; fileRef = 0BF7C62718C6E10800B22BF1 /* ResponsePayload.h */; settings = {ATTRIBUTES = (Public, ); }; };
		0BF7C64018C6E10800B22BF1 /* ResponsePayload.m in Sources */ = {isa = PBXBuildFile; fileRef = 0BF7C62818C6E10800B22BF1 /* ResponsePayload.m */; };
		0BF7C64118C6E10800B22BF1 /* UserEventRecord.h in Headers */ = {isa = PBXBuildFile; fileRef = 0BF7C62918C6E10800B22BF1 /* UserEventRecord.h */; settings = {ATTRIBUTES = (Public, ); }; };
		0BF7C64218C6E10800B22BF1 /* UserEventRecord.m in Sources */ = {isa = PBXBuildFile; fileRef = 0BF7C62A18C6E10800B22BF1 /* UserEventRecord.m */; };
		0BF7C65018C6E11000B22BF1 /* DataPaginator.h in Headers */ = {isa = PBXBuildFile; fileRef = 0BF7C64418C6E11000B22BF1 /* DataPaginator.h */; settings = {ATTRIBUTES = (Public, ); }; };
		0BF7C65118C6E11000B22BF1 /* DataPaginator.m in Sources */ = {isa = PBXBuildFile; fileRef = 0BF7C64518C6E11000B22BF1 /* DataPaginator.m */; };
		0BF7C65218C6E11000B22BF1 /* FreshDataFetcher.h in Headers */ = {isa = PBXBuildFile; fileRef = 0BF7C64618C6E11000B22BF1 /* FreshDataFetcher.h */; settings = {ATTRIBUTES = (Public, ); }; };
		0BF7C65318C6E11000B22BF1 /* FreshDataFetcher.m in Sources */ = {isa = PBXBuildFile; fileRef = 0BF7C64718C6E11000B22BF1 /* FreshDataFetcher.m */; };
		0BF7C65418C6E11000B22BF1 /* InternalSyncData.h in Headers */ = {isa = PBXBuildFile; fileRef = 0BF7C64818C6E11000B22BF1 /* InternalSyncData.h */; settings = {ATTRIBUTES = (Public, ); }; };
		0BF7C65518C6E11000B22BF1 /* InternalSyncData.m in Sources */ = {isa = PBXBuildFile; fileRef = 0BF7C64918C6E11000B22BF1 /* InternalSyncData.m */; };
		0BF7C65618C6E11000B22BF1 /* SyncDataAdapter.h in Headers */ = {isa = PBXBuildFile; fileRef = 0BF7C64A18C6E11000B22BF1 /* SyncDataAdapter.h */; settings = {ATTRIBUTES = (Public, ); }; };
		0BF7C65718C6E11000B22BF1 /* SyncDataAdapter.m in Sources */ = {isa = PBXBuildFile; fileRef = 0BF7C64B18C6E11000B22BF1 /* SyncDataAdapter.m */; };
		0BF7C65818C6E11000B22BF1 /* SyncDataFilter.h in Headers */ = {isa = PBXBuildFile; fileRef = 0BF7C64C18C6E11000B22BF1 /* SyncDataFilter.h */; settings = {ATTRIBUTES = (Public, ); }; };
		0BF7C65918C6E11000B22BF1 /* SyncDataFilter.m in Sources */ = {isa = PBXBuildFile; fileRef = 0BF7C64D18C6E11000B22BF1 /* SyncDataFilter.m */; };
		0BF7C65A18C6E11000B22BF1 /* SyncUtils.h in Headers */ = {isa = PBXBuildFile; fileRef = 0BF7C64E18C6E11000B22BF1 /* SyncUtils.h */; settings = {ATTRIBUTES = (Public, ); }; };
		0BF7C65B18C6E11000B22BF1 /* SyncUtils.m in Sources */ = {isa = PBXBuildFile; fileRef = 0BF7C64F18C6E11000B22BF1 /* SyncUtils.m */; };
		0BF7C65F18C6E11A00B22BF1 /* TBXML.h in Headers */ = {isa = PBXBuildFile; fileRef = 0BF7C65D18C6E11A00B22BF1 /* TBXML.h */; settings = {ATTRIBUTES = (Public, ); }; };
		0BF7C66018C6E11A00B22BF1 /* TBXML.m in Sources */ = {isa = PBXBuildFile; fileRef = 0BF7C65E18C6E11A00B22BF1 /* TBXML.m */; };
		0BF7C67218C6E12600B22BF1 /* ExerciseEvent.h in Headers */ = {isa = PBXBuildFile; fileRef = 0BF7C66218C6E12600B22BF1 /* ExerciseEvent.h */; settings = {ATTRIBUTES = (Public, ); }; };
		0BF7C67318C6E12600B22BF1 /* ExerciseEvent.m in Sources */ = {isa = PBXBuildFile; fileRef = 0BF7C66318C6E12600B22BF1 /* ExerciseEvent.m */; };
		0BF7C67418C6E12600B22BF1 /* FoodEvent.h in Headers */ = {isa = PBXBuildFile; fileRef = 0BF7C66418C6E12600B22BF1 /* FoodEvent.h */; settings = {ATTRIBUTES = (Public, ); }; };
		0BF7C67518C6E12600B22BF1 /* FoodEvent.m in Sources */ = {isa = PBXBuildFile; fileRef = 0BF7C66518C6E12600B22BF1 /* FoodEvent.m */; };
		0BF7C67618C6E12600B22BF1 /* GlucoseRead.h in Headers */ = {isa = PBXBuildFile; fileRef = 0BF7C66618C6E12600B22BF1 /* GlucoseRead.h */; settings = {ATTRIBUTES = (Public, ); }; };
		0BF7C67718C6E12600B22BF1 /* GlucoseRead.m in Sources */ = {isa = PBXBuildFile; fileRef = 0BF7C66718C6E12600B22BF1 /* GlucoseRead.m */; };
		0BF7C67818C6E12600B22BF1 /* HealthEvent.h in Headers */ = {isa = PBXBuildFile; fileRef = 0BF7C66818C6E12600B22BF1 /* HealthEvent.h */; settings = {ATTRIBUTES = (Public, ); }; };
		0BF7C67918C6E12600B22BF1 /* HealthEvent.m in Sources */ = {isa = PBXBuildFile; fileRef = 0BF7C66918C6E12600B22BF1 /* HealthEvent.m */; };
		0BF7C67A18C6E12600B22BF1 /* InsulinInjection.h in Headers */ = {isa = PBXBuildFile; fileRef = 0BF7C66A18C6E12600B22BF1 /* InsulinInjection.h */; settings = {ATTRIBUTES = (Public, ); }; };
		0BF7C67B18C6E12600B22BF1 /* InsulinInjection.m in Sources */ = {isa = PBXBuildFile; fileRef = 0BF7C66B18C6E12600B22BF1 /* InsulinInjection.m */; };
		0BF7C67C18C6E12600B22BF1 /* MeterRead.h in Headers */ = {isa = PBXBuildFile; fileRef = 0BF7C66C18C6E12600B22BF1 /* MeterRead.h */; settings = {ATTRIBUTES = (Public, ); }; };
		0BF7C67D18C6E12600B22BF1 /* MeterRead.m in Sources */ = {isa = PBXBuildFile; fileRef = 0BF7C66D18C6E12600B22BF1 /* MeterRead.m */; };
		0BF7C67E18C6E12600B22BF1 /* TimestampedEvent.h in Headers */ = {isa = PBXBuildFile; fileRef = 0BF7C66E18C6E12600B22BF1 /* TimestampedEvent.h */; settings = {ATTRIBUTES = (Public, ); }; };
		0BF7C67F18C6E12600B22BF1 /* TimestampedEvent.m in Sources */ = {isa = PBXBuildFile; fileRef = 0BF7C66F18C6E12600B22BF1 /* TimestampedEvent.m */; };
		0BF7C68018C6E12600B22BF1 /* TimestampedValue.h in Headers */ = {isa = PBXBuildFile; fileRef = 0BF7C67018C6E12600B22BF1 /* TimestampedValue.h */; settings = {ATTRIBUTES = (Public, ); }; };
		0BF7C68118C6E12600B22BF1 /* TimestampedValue.m in Sources */ = {isa = PBXBuildFile; fileRef = 0BF7C67118C6E12600B22BF1 /* TimestampedValue.m */; };
		0BF7C68918C6E13400B22BF1 /* ReceiverEvent.h in Headers */ = {isa = PBXBuildFile; fileRef = 0BF7C68318C6E13400B22BF1 /* ReceiverEvent.h */; settings = {ATTRIBUTES = (Public, ); }; };
		0BF7C68A18C6E13400B22BF1 /* ReceiverEvent.m in Sources */ = {isa = PBXBuildFile; fileRef = 0BF7C68418C6E13400B22BF1 /* ReceiverEvent.m */; };
		0BF7C68B18C6E13400B22BF1 /* SyncCompletionEvent.h in Headers */ = {isa = PBXBuildFile; fileRef = 0BF7C68518C6E13400B22BF1 /* SyncCompletionEvent.h */; settings = {ATTRIBUTES = (Public, ); }; };
		0BF7C68C18C6E13400B22BF1 /* SyncCompletionEvent.m in Sources */ = {isa = PBXBuildFile; fileRef = 0BF7C68618C6E13400B22BF1 /* SyncCompletionEvent.m */; };
		0BF7C68D18C6E13400B22BF1 /* SyncEvent.h in Headers */ = {isa = PBXBuildFile; fileRef = 0BF7C68718C6E13400B22BF1 /* SyncEvent.h */; settings = {ATTRIBUTES = (Public, ); }; };
		0BF7C68E18C6E13400B22BF1 /* SyncEvent.m in Sources */ = {isa = PBXBuildFile; fileRef = 0BF7C68818C6E13400B22BF1 /* SyncEvent.m */; };
		0BF7C69818C6E13D00B22BF1 /* DefaultDecoder.h in Headers */ = {isa = PBXBuildFile; fileRef = 0BF7C69018C6E13D00B22BF1 /* DefaultDecoder.h */; settings = {ATTRIBUTES = (Public, ); }; };
		0BF7C69918C6E13D00B22BF1 /* DefaultDecoder.m in Sources */ = {isa = PBXBuildFile; fileRef = 0BF7C69118C6E13D00B22BF1 /* DefaultDecoder.m */; };
		0BF7C69A18C6E13D00B22BF1 /* DefaultEncoder.h in Headers */ = {isa = PBXBuildFile; fileRef = 0BF7C69218C6E13D00B22BF1 /* DefaultEncoder.h */; settings = {ATTRIBUTES = (Public, ); }; };
		0BF7C69B18C6E13D00B22BF1 /* DefaultEncoder.m in Sources */ = {isa = PBXBuildFile; fileRef = 0BF7C69318C6E13D00B22BF1 /* DefaultEncoder.m */; };
		0BF7C69C18C6E13D00B22BF1 /* EncodingUtils.h in Headers */ = {isa = PBXBuildFile; fileRef = 0BF7C69418C6E13D00B22BF1 /* EncodingUtils.h */; settings = {ATTRIBUTES = (Public, ); }; };
		0BF7C69D18C6E13D00B22BF1 /* EncodingUtils.m in Sources */ = {isa = PBXBuildFile; fileRef = 0BF7C69518C6E13D00B22BF1 /* EncodingUtils.m */; };
		0BF7C69E18C6E13D00B22BF1 /* Types.h in Headers */ = {isa = PBXBuildFile; fileRef = 0BF7C69618C6E13D00B22BF1 /* Types.h */; settings = {ATTRIBUTES = (Public, ); }; };
		0BF7C69F18C6E13D00B22BF1 /* Types.m in Sources */ = {isa = PBXBuildFile; fileRef = 0BF7C69718C6E13D00B22BF1 /* Types.m */; };
		0BF7C6A318C6E16100B22BF1 /* DataPaginatorTests.m in Sources */ = {isa = PBXBuildFile; fileRef = 0BF7C6A018C6E16100B22BF1 /* DataPaginatorTests.m */; };
		0BF7C6A418C6E16100B22BF1 /* DefaultCommandDecoderTests.m in Sources */ = {isa = PBXBuildFile; fileRef = 0BF7C6A118C6E16100B22BF1 /* DefaultCommandDecoderTests.m */; };
		0BF7C6A518C6E16100B22BF1 /* DefaultCommandEncoderTests.m in Sources */ = {isa = PBXBuildFile; fileRef = 0BF7C6A218C6E16100B22BF1 /* DefaultCommandEncoderTests.m */; };
		0BF7C6AA18C6E16E00B22BF1 /* EncodingUtilsTests.m in Sources */ = {isa = PBXBuildFile; fileRef = 0BF7C6A618C6E16E00B22BF1 /* EncodingUtilsTests.m */; };
		0BF7C6AB18C6E16E00B22BF1 /* SyncDataAdapterTests.m in Sources */ = {isa = PBXBuildFile; fileRef = 0BF7C6A718C6E16E00B22BF1 /* SyncDataAdapterTests.m */; };
		0BF7C6AC18C6E16E00B22BF1 /* SyncDataFilterTests.m in Sources */ = {isa = PBXBuildFile; fileRef = 0BF7C6A818C6E16E00B22BF1 /* SyncDataFilterTests.m */; };
		0BF7C6AD18C6E16E00B22BF1 /* SyncUtilsTests.m in Sources */ = {isa = PBXBuildFile; fileRef = 0BF7C6A918C6E16E00B22BF1 /* SyncUtilsTests.m */; };
		0BF7C70618C6E61100B22BF1 /* IOKit.framework in Frameworks */ = {isa = PBXBuildFile; fileRef = 0BF7C70518C6E61100B22BF1 /* IOKit.framework */; };
		0BFC1B0718C6FE8A004FDE96 /* ORSSerialPort.h in Headers */ = {isa = PBXBuildFile; fileRef = 0BFC1B0318C6FE8A004FDE96 /* ORSSerialPort.h */; settings = {ATTRIBUTES = (Public, ); }; };
		0BFC1B0818C6FE8A004FDE96 /* ORSSerialPort.m in Sources */ = {isa = PBXBuildFile; fileRef = 0BFC1B0418C6FE8A004FDE96 /* ORSSerialPort.m */; };
		0BFC1B0918C6FE8A004FDE96 /* ORSSerialPortManager.h in Headers */ = {isa = PBXBuildFile; fileRef = 0BFC1B0518C6FE8A004FDE96 /* ORSSerialPortManager.h */; settings = {ATTRIBUTES = (Public, ); }; };
		0BFC1B0A18C6FE8A004FDE96 /* ORSSerialPortManager.m in Sources */ = {isa = PBXBuildFile; fileRef = 0BFC1B0618C6FE8A004FDE96 /* ORSSerialPortManager.m */; };
		7DCB91C70604DD24178A445C /* TimeOffset.m in Sources */ = {isa = PBXBuildFile; fileRef = 7DCB93C4DBAD4F221CB58175 /* TimeOffset.m */; };
		7DCB921671FBCA9152B47CCB /* GenericWriteRequest.m in Sources */ = {isa = PBXBuildFile; fileRef = 7DCB94A6356E6DBEB94D9B53 /* GenericWriteRequest.m */; };
		7DCB92683803239082BC5283 /* GenericWriteRequest.h in Headers */ = {isa = PBXBuildFile; fileRef = 7DCB9CF470B31E4FE212EB03 /* GenericWriteRequest.h */; };
		7DCB927A6103E993C7299FBA /* DexcomTime.h in Headers */ = {isa = PBXBuildFile; fileRef = 7DCB9277921B2F03628B2EE8 /* DexcomTime.h */; };
		7DCB94DD254B751C68429135 /* SyncProgressEvent.m in Sources */ = {isa = PBXBuildFile; fileRef = 7DCB9D3BBFC85CE70D2B3EF1 /* SyncProgressEvent.m */; };
		7DCB950E0B48C24A2DE66A9B /* TimeOffset.h in Headers */ = {isa = PBXBuildFile; fileRef = 7DCB9F8A3CFCC7E6B9C78F8C /* TimeOffset.h */; };
		7DCB955CF40F8347634ADC58 /* DexcomTime.m in Sources */ = {isa = PBXBuildFile; fileRef = 7DCB9597AB1A817BD27C8334 /* DexcomTime.m */; };
		7DCB9AE390AD99341A6F3510 /* ModelTypes.h in Headers */ = {isa = PBXBuildFile; fileRef = 7DCB974ECFE7C571E3603EB0 /* ModelTypes.h */; settings = {ATTRIBUTES = (Public, ); }; };
		7DCB9D67D702B7ADECDF7D0F /* SyncProgressEvent.h in Headers */ = {isa = PBXBuildFile; fileRef = 7DCB9F552DF7A8266E300EC2 /* SyncProgressEvent.h */; settings = {ATTRIBUTES = (Public, ); }; };
		A58CEDD02EFB4B68BEF81B1B /* libPods.a in Frameworks */ = {isa = PBXBuildFile; fileRef = 3ABA23D782204EF2B47FFBB9 /* libPods.a */; };
		E43BAB4B1E6F4F64909DA7C1 /* libPods.a in Frameworks */ = {isa = PBXBuildFile; fileRef = 3ABA23D782204EF2B47FFBB9 /* libPods.a */; };
/* End PBXBuildFile section */

/* Begin PBXContainerItemProxy section */
		0BF7C5E018C6E0A300B22BF1 /* PBXContainerItemProxy */ = {
			isa = PBXContainerItemProxy;
			containerPortal = 0BF7C5BC18C6E0A300B22BF1 /* Project object */;
			proxyType = 1;
			remoteGlobalIDString = 0BF7C5C418C6E0A300B22BF1;
			remoteInfo = bloodSheltie;
		};
/* End PBXContainerItemProxy section */

/* Begin PBXCopyFilesBuildPhase section */
		0B18D60A19402F8A0083D19A /* CopyFiles */ = {
			isa = PBXCopyFilesBuildPhase;
			buildActionMask = 2147483647;
			dstPath = /usr/share/man/man1/;
			dstSubfolderSpec = 0;
			files = (
				0B18D61419402F8A0083D19A /* bloodSheltie_example.1 in CopyFiles */,
			);
			runOnlyForDeploymentPostprocessing = 1;
		};
/* End PBXCopyFilesBuildPhase section */

/* Begin PBXFileReference section */
		0B18D60C19402F8A0083D19A /* bloodSheltie-example */ = {isa = PBXFileReference; explicitFileType = "compiled.mach-o.executable"; includeInIndex = 0; path = "bloodSheltie-example"; sourceTree = BUILT_PRODUCTS_DIR; };
		0B18D60F19402F8A0083D19A /* main.m */ = {isa = PBXFileReference; lastKnownFileType = sourcecode.c.objc; path = main.m; sourceTree = "<group>"; };
		0B18D61219402F8A0083D19A /* bloodSheltie-example-Prefix.pch */ = {isa = PBXFileReference; lastKnownFileType = sourcecode.c.h; path = "bloodSheltie-example-Prefix.pch"; sourceTree = "<group>"; };
		0B18D61319402F8A0083D19A /* bloodSheltie_example.1 */ = {isa = PBXFileReference; lastKnownFileType = text.man; path = bloodSheltie_example.1; sourceTree = "<group>"; };
		0B18D619194030E90083D19A /* LoggingObserver.h */ = {isa = PBXFileReference; fileEncoding = 4; lastKnownFileType = sourcecode.c.h; path = LoggingObserver.h; sourceTree = "<group>"; };
		0B18D61A194030E90083D19A /* LoggingObserver.m */ = {isa = PBXFileReference; fileEncoding = 4; lastKnownFileType = sourcecode.c.objc; path = LoggingObserver.m; sourceTree = "<group>"; };
		0BF7C5C518C6E0A300B22BF1 /* bloodSheltie.framework */ = {isa = PBXFileReference; explicitFileType = wrapper.framework; includeInIndex = 0; path = bloodSheltie.framework; sourceTree = BUILT_PRODUCTS_DIR; };
		0BF7C5C818C6E0A300B22BF1 /* Cocoa.framework */ = {isa = PBXFileReference; lastKnownFileType = wrapper.framework; name = Cocoa.framework; path = System/Library/Frameworks/Cocoa.framework; sourceTree = SDKROOT; };
		0BF7C5CB18C6E0A300B22BF1 /* Foundation.framework */ = {isa = PBXFileReference; lastKnownFileType = wrapper.framework; name = Foundation.framework; path = System/Library/Frameworks/Foundation.framework; sourceTree = SDKROOT; };
		0BF7C5CC18C6E0A300B22BF1 /* CoreData.framework */ = {isa = PBXFileReference; lastKnownFileType = wrapper.framework; name = CoreData.framework; path = System/Library/Frameworks/CoreData.framework; sourceTree = SDKROOT; };
		0BF7C5CD18C6E0A300B22BF1 /* AppKit.framework */ = {isa = PBXFileReference; lastKnownFileType = wrapper.framework; name = AppKit.framework; path = System/Library/Frameworks/AppKit.framework; sourceTree = SDKROOT; };
		0BF7C5D018C6E0A300B22BF1 /* bloodSheltie-Info.plist */ = {isa = PBXFileReference; lastKnownFileType = text.plist.xml; path = "bloodSheltie-Info.plist"; sourceTree = "<group>"; };
		0BF7C5D218C6E0A300B22BF1 /* en */ = {isa = PBXFileReference; lastKnownFileType = text.plist.strings; name = en; path = en.lproj/InfoPlist.strings; sourceTree = "<group>"; };
		0BF7C5D418C6E0A300B22BF1 /* bloodSheltie-Prefix.pch */ = {isa = PBXFileReference; lastKnownFileType = sourcecode.c.h; path = "bloodSheltie-Prefix.pch"; sourceTree = "<group>"; };
		0BF7C5DC18C6E0A300B22BF1 /* bloodSheltieTests.xctest */ = {isa = PBXFileReference; explicitFileType = wrapper.cfbundle; includeInIndex = 0; path = bloodSheltieTests.xctest; sourceTree = BUILT_PRODUCTS_DIR; };
		0BF7C5DD18C6E0A300B22BF1 /* XCTest.framework */ = {isa = PBXFileReference; lastKnownFileType = wrapper.framework; name = XCTest.framework; path = Library/Frameworks/XCTest.framework; sourceTree = DEVELOPER_DIR; };
		0BF7C5E518C6E0A300B22BF1 /* bloodSheltieTests-Info.plist */ = {isa = PBXFileReference; lastKnownFileType = text.plist.xml; path = "bloodSheltieTests-Info.plist"; sourceTree = "<group>"; };
		0BF7C5E718C6E0A300B22BF1 /* en */ = {isa = PBXFileReference; lastKnownFileType = text.plist.strings; name = en; path = en.lproj/InfoPlist.strings; sourceTree = "<group>"; };
		0BF7C5F318C6E0D100B22BF1 /* RecordSyncTag.h */ = {isa = PBXFileReference; fileEncoding = 4; lastKnownFileType = sourcecode.c.h; path = RecordSyncTag.h; sourceTree = "<group>"; };
		0BF7C5F418C6E0D100B22BF1 /* RecordSyncTag.m */ = {isa = PBXFileReference; fileEncoding = 4; lastKnownFileType = sourcecode.c.objc; path = RecordSyncTag.m; sourceTree = "<group>"; };
		0BF7C5F718C6E0E100B22BF1 /* SyncData.h */ = {isa = PBXFileReference; fileEncoding = 4; lastKnownFileType = sourcecode.c.h; path = SyncData.h; sourceTree = "<group>"; };
		0BF7C5F818C6E0E100B22BF1 /* SyncData.m */ = {isa = PBXFileReference; fileEncoding = 4; lastKnownFileType = sourcecode.c.objc; path = SyncData.m; sourceTree = "<group>"; };
		0BF7C5F918C6E0E100B22BF1 /* SyncEventObserver.h */ = {isa = PBXFileReference; fileEncoding = 4; lastKnownFileType = sourcecode.c.h; path = SyncEventObserver.h; sourceTree = "<group>"; };
		0BF7C5FA18C6E0E100B22BF1 /* SyncManager.h */ = {isa = PBXFileReference; fileEncoding = 4; lastKnownFileType = sourcecode.c.h; path = SyncManager.h; sourceTree = "<group>"; };
		0BF7C5FB18C6E0E100B22BF1 /* SyncManager.m */ = {isa = PBXFileReference; fileEncoding = 4; lastKnownFileType = sourcecode.c.objc; path = SyncManager.m; sourceTree = "<group>"; };
		0BF7C5FC18C6E0E100B22BF1 /* SyncTag.h */ = {isa = PBXFileReference; fileEncoding = 4; lastKnownFileType = sourcecode.c.h; path = SyncTag.h; sourceTree = "<group>"; };
		0BF7C5FD18C6E0E100B22BF1 /* SyncTag.m */ = {isa = PBXFileReference; fileEncoding = 4; lastKnownFileType = sourcecode.c.objc; path = SyncTag.m; sourceTree = "<group>"; };
		0BF7C60618C6E0FC00B22BF1 /* ReadDatabasePageRangeRequest.h */ = {isa = PBXFileReference; fileEncoding = 4; lastKnownFileType = sourcecode.c.h; path = ReadDatabasePageRangeRequest.h; sourceTree = "<group>"; };
		0BF7C60718C6E0FC00B22BF1 /* ReadDatabasePageRangeRequest.m */ = {isa = PBXFileReference; fileEncoding = 4; lastKnownFileType = sourcecode.c.objc; path = ReadDatabasePageRangeRequest.m; sourceTree = "<group>"; };
		0BF7C60818C6E0FC00B22BF1 /* ReadDatabasePagesRequest.h */ = {isa = PBXFileReference; fileEncoding = 4; lastKnownFileType = sourcecode.c.h; path = ReadDatabasePagesRequest.h; sourceTree = "<group>"; };
		0BF7C60918C6E0FC00B22BF1 /* ReadDatabasePagesRequest.m */ = {isa = PBXFileReference; fileEncoding = 4; lastKnownFileType = sourcecode.c.objc; path = ReadDatabasePagesRequest.m; sourceTree = "<group>"; };
		0BF7C60A18C6E0FC00B22BF1 /* ReceiverRequest.h */ = {isa = PBXFileReference; fileEncoding = 4; lastKnownFileType = sourcecode.c.h; path = ReceiverRequest.h; sourceTree = "<group>"; };
		0BF7C60B18C6E0FC00B22BF1 /* ReceiverRequest.m */ = {isa = PBXFileReference; fileEncoding = 4; lastKnownFileType = sourcecode.c.objc; path = ReceiverRequest.m; sourceTree = "<group>"; };
		0BF7C61318C6E10800B22BF1 /* GenericPayload.h */ = {isa = PBXFileReference; fileEncoding = 4; lastKnownFileType = sourcecode.c.h; path = GenericPayload.h; sourceTree = "<group>"; };
		0BF7C61418C6E10800B22BF1 /* GenericPayload.m */ = {isa = PBXFileReference; fileEncoding = 4; lastKnownFileType = sourcecode.c.objc; path = GenericPayload.m; sourceTree = "<group>"; };
		0BF7C61518C6E10800B22BF1 /* GenericRecord.h */ = {isa = PBXFileReference; fileEncoding = 4; lastKnownFileType = sourcecode.c.h; path = GenericRecord.h; sourceTree = "<group>"; };
		0BF7C61618C6E10800B22BF1 /* GenericRecord.m */ = {isa = PBXFileReference; fileEncoding = 4; lastKnownFileType = sourcecode.c.objc; path = GenericRecord.m; sourceTree = "<group>"; };
		0BF7C61718C6E10800B22BF1 /* GlucoseReadRecord.h */ = {isa = PBXFileReference; fileEncoding = 4; lastKnownFileType = sourcecode.c.h; path = GlucoseReadRecord.h; sourceTree = "<group>"; };
		0BF7C61818C6E10800B22BF1 /* GlucoseReadRecord.m */ = {isa = PBXFileReference; fileEncoding = 4; lastKnownFileType = sourcecode.c.objc; path = GlucoseReadRecord.m; sourceTree = "<group>"; };
		0BF7C61918C6E10800B22BF1 /* GlucoseUnitSetting.h */ = {isa = PBXFileReference; fileEncoding = 4; lastKnownFileType = sourcecode.c.h; path = GlucoseUnitSetting.h; sourceTree = "<group>"; };
		0BF7C61A18C6E10800B22BF1 /* GlucoseUnitSetting.m */ = {isa = PBXFileReference; fileEncoding = 4; lastKnownFileType = sourcecode.c.objc; path = GlucoseUnitSetting.m; sourceTree = "<group>"; };
		0BF7C61B18C6E10800B22BF1 /* ManufacturingParameters.h */ = {isa = PBXFileReference; fileEncoding = 4; lastKnownFileType = sourcecode.c.h; path = ManufacturingParameters.h; sourceTree = "<group>"; };
		0BF7C61C18C6E10800B22BF1 /* ManufacturingParameters.m */ = {isa = PBXFileReference; fileEncoding = 4; lastKnownFileType = sourcecode.c.objc; path = ManufacturingParameters.m; sourceTree = "<group>"; };
		0BF7C61D18C6E10800B22BF1 /* MeterReadRecord.h */ = {isa = PBXFileReference; fileEncoding = 4; lastKnownFileType = sourcecode.c.h; path = MeterReadRecord.h; sourceTree = "<group>"; };
		0BF7C61E18C6E10800B22BF1 /* MeterReadRecord.m */ = {isa = PBXFileReference; fileEncoding = 4; lastKnownFileType = sourcecode.c.objc; path = MeterReadRecord.m; sourceTree = "<group>"; };
		0BF7C61F18C6E10800B22BF1 /* PageRange.h */ = {isa = PBXFileReference; fileEncoding = 4; lastKnownFileType = sourcecode.c.h; path = PageRange.h; sourceTree = "<group>"; };
		0BF7C62018C6E10800B22BF1 /* PageRange.m */ = {isa = PBXFileReference; fileEncoding = 4; lastKnownFileType = sourcecode.c.objc; path = PageRange.m; sourceTree = "<group>"; };
		0BF7C62118C6E10800B22BF1 /* ReceiverResponse.h */ = {isa = PBXFileReference; fileEncoding = 4; lastKnownFileType = sourcecode.c.h; path = ReceiverResponse.h; sourceTree = "<group>"; };
		0BF7C62218C6E10800B22BF1 /* ReceiverResponse.m */ = {isa = PBXFileReference; fileEncoding = 4; lastKnownFileType = sourcecode.c.objc; path = ReceiverResponse.m; sourceTree = "<group>"; };
		0BF7C62318C6E10800B22BF1 /* RecordData.h */ = {isa = PBXFileReference; fileEncoding = 4; lastKnownFileType = sourcecode.c.h; path = RecordData.h; sourceTree = "<group>"; };
		0BF7C62418C6E10800B22BF1 /* RecordData.m */ = {isa = PBXFileReference; fileEncoding = 4; lastKnownFileType = sourcecode.c.objc; path = RecordData.m; sourceTree = "<group>"; };
		0BF7C62518C6E10800B22BF1 /* ResponseHeader.h */ = {isa = PBXFileReference; fileEncoding = 4; lastKnownFileType = sourcecode.c.h; path = ResponseHeader.h; sourceTree = "<group>"; };
		0BF7C62618C6E10800B22BF1 /* ResponseHeader.m */ = {isa = PBXFileReference; fileEncoding = 4; lastKnownFileType = sourcecode.c.objc; path = ResponseHeader.m; sourceTree = "<group>"; };
		0BF7C62718C6E10800B22BF1 /* ResponsePayload.h */ = {isa = PBXFileReference; fileEncoding = 4; lastKnownFileType = sourcecode.c.h; path = ResponsePayload.h; sourceTree = "<group>"; };
		0BF7C62818C6E10800B22BF1 /* ResponsePayload.m */ = {isa = PBXFileReference; fileEncoding = 4; lastKnownFileType = sourcecode.c.objc; path = ResponsePayload.m; sourceTree = "<group>"; };
		0BF7C62918C6E10800B22BF1 /* UserEventRecord.h */ = {isa = PBXFileReference; fileEncoding = 4; lastKnownFileType = sourcecode.c.h; path = UserEventRecord.h; sourceTree = "<group>"; };
		0BF7C62A18C6E10800B22BF1 /* UserEventRecord.m */ = {isa = PBXFileReference; fileEncoding = 4; lastKnownFileType = sourcecode.c.objc; path = UserEventRecord.m; sourceTree = "<group>"; };
		0BF7C64418C6E11000B22BF1 /* DataPaginator.h */ = {isa = PBXFileReference; fileEncoding = 4; lastKnownFileType = sourcecode.c.h; path = DataPaginator.h; sourceTree = "<group>"; };
		0BF7C64518C6E11000B22BF1 /* DataPaginator.m */ = {isa = PBXFileReference; fileEncoding = 4; lastKnownFileType = sourcecode.c.objc; path = DataPaginator.m; sourceTree = "<group>"; };
		0BF7C64618C6E11000B22BF1 /* FreshDataFetcher.h */ = {isa = PBXFileReference; fileEncoding = 4; lastKnownFileType = sourcecode.c.h; path = FreshDataFetcher.h; sourceTree = "<group>"; };
		0BF7C64718C6E11000B22BF1 /* FreshDataFetcher.m */ = {isa = PBXFileReference; fileEncoding = 4; lastKnownFileType = sourcecode.c.objc; path = FreshDataFetcher.m; sourceTree = "<group>"; };
		0BF7C64818C6E11000B22BF1 /* InternalSyncData.h */ = {isa = PBXFileReference; fileEncoding = 4; lastKnownFileType = sourcecode.c.h; path = InternalSyncData.h; sourceTree = "<group>"; };
		0BF7C64918C6E11000B22BF1 /* InternalSyncData.m */ = {isa = PBXFileReference; fileEncoding = 4; lastKnownFileType = sourcecode.c.objc; path = InternalSyncData.m; sourceTree = "<group>"; };
		0BF7C64A18C6E11000B22BF1 /* SyncDataAdapter.h */ = {isa = PBXFileReference; fileEncoding = 4; lastKnownFileType = sourcecode.c.h; path = SyncDataAdapter.h; sourceTree = "<group>"; };
		0BF7C64B18C6E11000B22BF1 /* SyncDataAdapter.m */ = {isa = PBXFileReference; fileEncoding = 4; lastKnownFileType = sourcecode.c.objc; path = SyncDataAdapter.m; sourceTree = "<group>"; };
		0BF7C64C18C6E11000B22BF1 /* SyncDataFilter.h */ = {isa = PBXFileReference; fileEncoding = 4; lastKnownFileType = sourcecode.c.h; path = SyncDataFilter.h; sourceTree = "<group>"; };
		0BF7C64D18C6E11000B22BF1 /* SyncDataFilter.m */ = {isa = PBXFileReference; fileEncoding = 4; lastKnownFileType = sourcecode.c.objc; path = SyncDataFilter.m; sourceTree = "<group>"; };
		0BF7C64E18C6E11000B22BF1 /* SyncUtils.h */ = {isa = PBXFileReference; fileEncoding = 4; lastKnownFileType = sourcecode.c.h; path = SyncUtils.h; sourceTree = "<group>"; };
		0BF7C64F18C6E11000B22BF1 /* SyncUtils.m */ = {isa = PBXFileReference; fileEncoding = 4; lastKnownFileType = sourcecode.c.objc; path = SyncUtils.m; sourceTree = "<group>"; };
		0BF7C65D18C6E11A00B22BF1 /* TBXML.h */ = {isa = PBXFileReference; fileEncoding = 4; lastKnownFileType = sourcecode.c.h; path = TBXML.h; sourceTree = "<group>"; };
		0BF7C65E18C6E11A00B22BF1 /* TBXML.m */ = {isa = PBXFileReference; fileEncoding = 4; lastKnownFileType = sourcecode.c.objc; path = TBXML.m; sourceTree = "<group>"; };
		0BF7C66218C6E12600B22BF1 /* ExerciseEvent.h */ = {isa = PBXFileReference; fileEncoding = 4; lastKnownFileType = sourcecode.c.h; path = ExerciseEvent.h; sourceTree = "<group>"; };
		0BF7C66318C6E12600B22BF1 /* ExerciseEvent.m */ = {isa = PBXFileReference; fileEncoding = 4; lastKnownFileType = sourcecode.c.objc; path = ExerciseEvent.m; sourceTree = "<group>"; };
		0BF7C66418C6E12600B22BF1 /* FoodEvent.h */ = {isa = PBXFileReference; fileEncoding = 4; lastKnownFileType = sourcecode.c.h; path = FoodEvent.h; sourceTree = "<group>"; };
		0BF7C66518C6E12600B22BF1 /* FoodEvent.m */ = {isa = PBXFileReference; fileEncoding = 4; lastKnownFileType = sourcecode.c.objc; path = FoodEvent.m; sourceTree = "<group>"; };
		0BF7C66618C6E12600B22BF1 /* GlucoseRead.h */ = {isa = PBXFileReference; fileEncoding = 4; lastKnownFileType = sourcecode.c.h; path = GlucoseRead.h; sourceTree = "<group>"; };
		0BF7C66718C6E12600B22BF1 /* GlucoseRead.m */ = {isa = PBXFileReference; fileEncoding = 4; lastKnownFileType = sourcecode.c.objc; path = GlucoseRead.m; sourceTree = "<group>"; };
		0BF7C66818C6E12600B22BF1 /* HealthEvent.h */ = {isa = PBXFileReference; fileEncoding = 4; lastKnownFileType = sourcecode.c.h; path = HealthEvent.h; sourceTree = "<group>"; };
		0BF7C66918C6E12600B22BF1 /* HealthEvent.m */ = {isa = PBXFileReference; fileEncoding = 4; lastKnownFileType = sourcecode.c.objc; path = HealthEvent.m; sourceTree = "<group>"; };
		0BF7C66A18C6E12600B22BF1 /* InsulinInjection.h */ = {isa = PBXFileReference; fileEncoding = 4; lastKnownFileType = sourcecode.c.h; path = InsulinInjection.h; sourceTree = "<group>"; };
		0BF7C66B18C6E12600B22BF1 /* InsulinInjection.m */ = {isa = PBXFileReference; fileEncoding = 4; lastKnownFileType = sourcecode.c.objc; path = InsulinInjection.m; sourceTree = "<group>"; };
		0BF7C66C18C6E12600B22BF1 /* MeterRead.h */ = {isa = PBXFileReference; fileEncoding = 4; lastKnownFileType = sourcecode.c.h; path = MeterRead.h; sourceTree = "<group>"; };
		0BF7C66D18C6E12600B22BF1 /* MeterRead.m */ = {isa = PBXFileReference; fileEncoding = 4; lastKnownFileType = sourcecode.c.objc; path = MeterRead.m; sourceTree = "<group>"; };
		0BF7C66E18C6E12600B22BF1 /* TimestampedEvent.h */ = {isa = PBXFileReference; fileEncoding = 4; lastKnownFileType = sourcecode.c.h; path = TimestampedEvent.h; sourceTree = "<group>"; };
		0BF7C66F18C6E12600B22BF1 /* TimestampedEvent.m */ = {isa = PBXFileReference; fileEncoding = 4; lastKnownFileType = sourcecode.c.objc; path = TimestampedEvent.m; sourceTree = "<group>"; };
		0BF7C67018C6E12600B22BF1 /* TimestampedValue.h */ = {isa = PBXFileReference; fileEncoding = 4; lastKnownFileType = sourcecode.c.h; path = TimestampedValue.h; sourceTree = "<group>"; };
		0BF7C67118C6E12600B22BF1 /* TimestampedValue.m */ = {isa = PBXFileReference; fileEncoding = 4; lastKnownFileType = sourcecode.c.objc; path = TimestampedValue.m; sourceTree = "<group>"; };
		0BF7C68318C6E13400B22BF1 /* ReceiverEvent.h */ = {isa = PBXFileReference; fileEncoding = 4; lastKnownFileType = sourcecode.c.h; path = ReceiverEvent.h; sourceTree = "<group>"; };
		0BF7C68418C6E13400B22BF1 /* ReceiverEvent.m */ = {isa = PBXFileReference; fileEncoding = 4; lastKnownFileType = sourcecode.c.objc; path = ReceiverEvent.m; sourceTree = "<group>"; };
		0BF7C68518C6E13400B22BF1 /* SyncCompletionEvent.h */ = {isa = PBXFileReference; fileEncoding = 4; lastKnownFileType = sourcecode.c.h; path = SyncCompletionEvent.h; sourceTree = "<group>"; };
		0BF7C68618C6E13400B22BF1 /* SyncCompletionEvent.m */ = {isa = PBXFileReference; fileEncoding = 4; lastKnownFileType = sourcecode.c.objc; path = SyncCompletionEvent.m; sourceTree = "<group>"; };
		0BF7C68718C6E13400B22BF1 /* SyncEvent.h */ = {isa = PBXFileReference; fileEncoding = 4; lastKnownFileType = sourcecode.c.h; path = SyncEvent.h; sourceTree = "<group>"; };
		0BF7C68818C6E13400B22BF1 /* SyncEvent.m */ = {isa = PBXFileReference; fileEncoding = 4; lastKnownFileType = sourcecode.c.objc; path = SyncEvent.m; sourceTree = "<group>"; };
		0BF7C69018C6E13D00B22BF1 /* DefaultDecoder.h */ = {isa = PBXFileReference; fileEncoding = 4; lastKnownFileType = sourcecode.c.h; path = DefaultDecoder.h; sourceTree = "<group>"; };
		0BF7C69118C6E13D00B22BF1 /* DefaultDecoder.m */ = {isa = PBXFileReference; fileEncoding = 4; lastKnownFileType = sourcecode.c.objc; path = DefaultDecoder.m; sourceTree = "<group>"; };
		0BF7C69218C6E13D00B22BF1 /* DefaultEncoder.h */ = {isa = PBXFileReference; fileEncoding = 4; lastKnownFileType = sourcecode.c.h; path = DefaultEncoder.h; sourceTree = "<group>"; };
		0BF7C69318C6E13D00B22BF1 /* DefaultEncoder.m */ = {isa = PBXFileReference; fileEncoding = 4; lastKnownFileType = sourcecode.c.objc; path = DefaultEncoder.m; sourceTree = "<group>"; };
		0BF7C69418C6E13D00B22BF1 /* EncodingUtils.h */ = {isa = PBXFileReference; fileEncoding = 4; lastKnownFileType = sourcecode.c.h; path = EncodingUtils.h; sourceTree = "<group>"; };
		0BF7C69518C6E13D00B22BF1 /* EncodingUtils.m */ = {isa = PBXFileReference; fileEncoding = 4; lastKnownFileType = sourcecode.c.objc; path = EncodingUtils.m; sourceTree = "<group>"; };
		0BF7C69618C6E13D00B22BF1 /* Types.h */ = {isa = PBXFileReference; fileEncoding = 4; lastKnownFileType = sourcecode.c.h; path = Types.h; sourceTree = "<group>"; };
		0BF7C69718C6E13D00B22BF1 /* Types.m */ = {isa = PBXFileReference; fileEncoding = 4; lastKnownFileType = sourcecode.c.objc; path = Types.m; sourceTree = "<group>"; };
		0BF7C6A018C6E16100B22BF1 /* DataPaginatorTests.m */ = {isa = PBXFileReference; fileEncoding = 4; lastKnownFileType = sourcecode.c.objc; path = DataPaginatorTests.m; sourceTree = "<group>"; };
		0BF7C6A118C6E16100B22BF1 /* DefaultCommandDecoderTests.m */ = {isa = PBXFileReference; fileEncoding = 4; lastKnownFileType = sourcecode.c.objc; path = DefaultCommandDecoderTests.m; sourceTree = "<group>"; };
		0BF7C6A218C6E16100B22BF1 /* DefaultCommandEncoderTests.m */ = {isa = PBXFileReference; fileEncoding = 4; lastKnownFileType = sourcecode.c.objc; path = DefaultCommandEncoderTests.m; sourceTree = "<group>"; };
		0BF7C6A618C6E16E00B22BF1 /* EncodingUtilsTests.m */ = {isa = PBXFileReference; fileEncoding = 4; lastKnownFileType = sourcecode.c.objc; path = EncodingUtilsTests.m; sourceTree = "<group>"; };
		0BF7C6A718C6E16E00B22BF1 /* SyncDataAdapterTests.m */ = {isa = PBXFileReference; fileEncoding = 4; lastKnownFileType = sourcecode.c.objc; path = SyncDataAdapterTests.m; sourceTree = "<group>"; };
		0BF7C6A818C6E16E00B22BF1 /* SyncDataFilterTests.m */ = {isa = PBXFileReference; fileEncoding = 4; lastKnownFileType = sourcecode.c.objc; path = SyncDataFilterTests.m; sourceTree = "<group>"; };
		0BF7C6A918C6E16E00B22BF1 /* SyncUtilsTests.m */ = {isa = PBXFileReference; fileEncoding = 4; lastKnownFileType = sourcecode.c.objc; path = SyncUtilsTests.m; sourceTree = "<group>"; };
		0BF7C6B318C6E1AD00B22BF1 /* Foundation.framework */ = {isa = PBXFileReference; lastKnownFileType = wrapper.framework; name = Foundation.framework; path = System/Library/Frameworks/Foundation.framework; sourceTree = SDKROOT; };
		0BF7C70518C6E61100B22BF1 /* IOKit.framework */ = {isa = PBXFileReference; lastKnownFileType = wrapper.framework; name = IOKit.framework; path = System/Library/Frameworks/IOKit.framework; sourceTree = SDKROOT; };
		0BFC1B0318C6FE8A004FDE96 /* ORSSerialPort.h */ = {isa = PBXFileReference; fileEncoding = 4; lastKnownFileType = sourcecode.c.h; path = ORSSerialPort.h; sourceTree = "<group>"; };
		0BFC1B0418C6FE8A004FDE96 /* ORSSerialPort.m */ = {isa = PBXFileReference; fileEncoding = 4; lastKnownFileType = sourcecode.c.objc; path = ORSSerialPort.m; sourceTree = "<group>"; };
		0BFC1B0518C6FE8A004FDE96 /* ORSSerialPortManager.h */ = {isa = PBXFileReference; fileEncoding = 4; lastKnownFileType = sourcecode.c.h; path = ORSSerialPortManager.h; sourceTree = "<group>"; };
		0BFC1B0618C6FE8A004FDE96 /* ORSSerialPortManager.m */ = {isa = PBXFileReference; fileEncoding = 4; lastKnownFileType = sourcecode.c.objc; path = ORSSerialPortManager.m; sourceTree = "<group>"; };
		3ABA23D782204EF2B47FFBB9 /* libPods.a */ = {isa = PBXFileReference; explicitFileType = archive.ar; includeInIndex = 0; path = libPods.a; sourceTree = BUILT_PRODUCTS_DIR; };
		59BB7E42066242B3BDE0A6D2 /* Pods.xcconfig */ = {isa = PBXFileReference; includeInIndex = 1; lastKnownFileType = text.xcconfig; name = Pods.xcconfig; path = Pods/Pods.xcconfig; sourceTree = "<group>"; };
		7DCB9277921B2F03628B2EE8 /* DexcomTime.h */ = {isa = PBXFileReference; fileEncoding = 4; lastKnownFileType = sourcecode.c.h; path = DexcomTime.h; sourceTree = "<group>"; };
		7DCB93C4DBAD4F221CB58175 /* TimeOffset.m */ = {isa = PBXFileReference; fileEncoding = 4; lastKnownFileType = sourcecode.c.objc; path = TimeOffset.m; sourceTree = "<group>"; };
		7DCB94A6356E6DBEB94D9B53 /* GenericWriteRequest.m */ = {isa = PBXFileReference; fileEncoding = 4; lastKnownFileType = sourcecode.c.objc; path = GenericWriteRequest.m; sourceTree = "<group>"; };
		7DCB9597AB1A817BD27C8334 /* DexcomTime.m */ = {isa = PBXFileReference; fileEncoding = 4; lastKnownFileType = sourcecode.c.objc; path = DexcomTime.m; sourceTree = "<group>"; };
		7DCB974ECFE7C571E3603EB0 /* ModelTypes.h */ = {isa = PBXFileReference; fileEncoding = 4; lastKnownFileType = sourcecode.c.h; path = ModelTypes.h; sourceTree = "<group>"; };
		7DCB9CF470B31E4FE212EB03 /* GenericWriteRequest.h */ = {isa = PBXFileReference; fileEncoding = 4; lastKnownFileType = sourcecode.c.h; path = GenericWriteRequest.h; sourceTree = "<group>"; };
		7DCB9D3BBFC85CE70D2B3EF1 /* SyncProgressEvent.m */ = {isa = PBXFileReference; fileEncoding = 4; lastKnownFileType = sourcecode.c.objc; path = SyncProgressEvent.m; sourceTree = "<group>"; };
		7DCB9F552DF7A8266E300EC2 /* SyncProgressEvent.h */ = {isa = PBXFileReference; fileEncoding = 4; lastKnownFileType = sourcecode.c.h; path = SyncProgressEvent.h; sourceTree = "<group>"; };
		7DCB9F8A3CFCC7E6B9C78F8C /* TimeOffset.h */ = {isa = PBXFileReference; fileEncoding = 4; lastKnownFileType = sourcecode.c.h; path = TimeOffset.h; sourceTree = "<group>"; };
/* End PBXFileReference section */

/* Begin PBXFrameworksBuildPhase section */
		0B18D60919402F8A0083D19A /* Frameworks */ = {
			isa = PBXFrameworksBuildPhase;
			buildActionMask = 2147483647;
			files = (
				0B18D6181940306A0083D19A /* bloodSheltie.framework in Frameworks */,
				0B18D60D19402F8A0083D19A /* Foundation.framework in Frameworks */,
				A58CEDD02EFB4B68BEF81B1B /* libPods.a in Frameworks */,
			);
			runOnlyForDeploymentPostprocessing = 0;
		};
		0BF7C5C118C6E0A300B22BF1 /* Frameworks */ = {
			isa = PBXFrameworksBuildPhase;
			buildActionMask = 2147483647;
			files = (
				0BF7C70618C6E61100B22BF1 /* IOKit.framework in Frameworks */,
				0BF7C5C918C6E0A300B22BF1 /* Cocoa.framework in Frameworks */,
				E43BAB4B1E6F4F64909DA7C1 /* libPods.a in Frameworks */,
			);
			runOnlyForDeploymentPostprocessing = 0;
		};
		0BF7C5D918C6E0A300B22BF1 /* Frameworks */ = {
			isa = PBXFrameworksBuildPhase;
			buildActionMask = 2147483647;
			files = (
				0BF7C5E218C6E0A300B22BF1 /* bloodSheltie.framework in Frameworks */,
				0BF7C5DF18C6E0A300B22BF1 /* Cocoa.framework in Frameworks */,
				0BF7C5DE18C6E0A300B22BF1 /* XCTest.framework in Frameworks */,
			);
			runOnlyForDeploymentPostprocessing = 0;
		};
/* End PBXFrameworksBuildPhase section */

/* Begin PBXGroup section */
		0B18D60E19402F8A0083D19A /* bloodSheltie-example */ = {
			isa = PBXGroup;
			children = (
				0B18D60F19402F8A0083D19A /* main.m */,
				0B18D61319402F8A0083D19A /* bloodSheltie_example.1 */,
				0B18D61119402F8A0083D19A /* Supporting Files */,
				0B18D619194030E90083D19A /* LoggingObserver.h */,
				0B18D61A194030E90083D19A /* LoggingObserver.m */,
			);
			path = "bloodSheltie-example";
			sourceTree = "<group>";
		};
		0B18D61119402F8A0083D19A /* Supporting Files */ = {
			isa = PBXGroup;
			children = (
				0B18D61219402F8A0083D19A /* bloodSheltie-example-Prefix.pch */,
			);
			name = "Supporting Files";
			sourceTree = "<group>";
		};
		0BF7C5BB18C6E0A300B22BF1 = {
			isa = PBXGroup;
			children = (
				0BF7C5CE18C6E0A300B22BF1 /* bloodSheltie */,
				0BF7C5E318C6E0A300B22BF1 /* bloodSheltieTests */,
				0B18D60E19402F8A0083D19A /* bloodSheltie-example */,
				0BF7C5C718C6E0A300B22BF1 /* Frameworks */,
				0BF7C5C618C6E0A300B22BF1 /* Products */,
				59BB7E42066242B3BDE0A6D2 /* Pods.xcconfig */,
			);
			sourceTree = "<group>";
		};
		0BF7C5C618C6E0A300B22BF1 /* Products */ = {
			isa = PBXGroup;
			children = (
				0BF7C5C518C6E0A300B22BF1 /* bloodSheltie.framework */,
				0BF7C5DC18C6E0A300B22BF1 /* bloodSheltieTests.xctest */,
				0B18D60C19402F8A0083D19A /* bloodSheltie-example */,
			);
			name = Products;
			sourceTree = "<group>";
		};
		0BF7C5C718C6E0A300B22BF1 /* Frameworks */ = {
			isa = PBXGroup;
			children = (
				0BF7C70518C6E61100B22BF1 /* IOKit.framework */,
				0BF7C5C818C6E0A300B22BF1 /* Cocoa.framework */,
				0BF7C5DD18C6E0A300B22BF1 /* XCTest.framework */,
				0BF7C6B318C6E1AD00B22BF1 /* Foundation.framework */,
				0BF7C5CA18C6E0A300B22BF1 /* Other Frameworks */,
				3ABA23D782204EF2B47FFBB9 /* libPods.a */,
			);
			name = Frameworks;
			sourceTree = "<group>";
		};
		0BF7C5CA18C6E0A300B22BF1 /* Other Frameworks */ = {
			isa = PBXGroup;
			children = (
				0BF7C5CB18C6E0A300B22BF1 /* Foundation.framework */,
				0BF7C5CC18C6E0A300B22BF1 /* CoreData.framework */,
				0BF7C5CD18C6E0A300B22BF1 /* AppKit.framework */,
			);
			name = "Other Frameworks";
			sourceTree = "<group>";
		};
		0BF7C5CE18C6E0A300B22BF1 /* bloodSheltie */ = {
			isa = PBXGroup;
			children = (
				0BFC1B0218C6FE8A004FDE96 /* ORSSerialPort */,
				0BF7C68F18C6E13D00B22BF1 /* encoding */,
				0BF7C68218C6E13400B22BF1 /* event */,
				0BF7C66118C6E12600B22BF1 /* model */,
				0BF7C65C18C6E11A00B22BF1 /* TBXML */,
				0BF7C64318C6E11000B22BF1 /* sync */,
				0BF7C61218C6E10800B22BF1 /* response */,
				0BF7C60518C6E0FC00B22BF1 /* request */,
				0BF7C5F718C6E0E100B22BF1 /* SyncData.h */,
				0BF7C5F818C6E0E100B22BF1 /* SyncData.m */,
				0BF7C5F918C6E0E100B22BF1 /* SyncEventObserver.h */,
				0BF7C5FA18C6E0E100B22BF1 /* SyncManager.h */,
				0BF7C5FB18C6E0E100B22BF1 /* SyncManager.m */,
				0BF7C5FC18C6E0E100B22BF1 /* SyncTag.h */,
				0BF7C5FD18C6E0E100B22BF1 /* SyncTag.m */,
				0BF7C5F318C6E0D100B22BF1 /* RecordSyncTag.h */,
				0BF7C5F418C6E0D100B22BF1 /* RecordSyncTag.m */,
				0BF7C5CF18C6E0A300B22BF1 /* Supporting Files */,
			);
			path = bloodSheltie;
			sourceTree = "<group>";
		};
		0BF7C5CF18C6E0A300B22BF1 /* Supporting Files */ = {
			isa = PBXGroup;
			children = (
				0BF7C5D018C6E0A300B22BF1 /* bloodSheltie-Info.plist */,
				0BF7C5D118C6E0A300B22BF1 /* InfoPlist.strings */,
				0BF7C5D418C6E0A300B22BF1 /* bloodSheltie-Prefix.pch */,
			);
			name = "Supporting Files";
			sourceTree = "<group>";
		};
		0BF7C5E318C6E0A300B22BF1 /* bloodSheltieTests */ = {
			isa = PBXGroup;
			children = (
				0BF7C6A618C6E16E00B22BF1 /* EncodingUtilsTests.m */,
				0BF7C6A718C6E16E00B22BF1 /* SyncDataAdapterTests.m */,
				0BF7C6A818C6E16E00B22BF1 /* SyncDataFilterTests.m */,
				0BF7C6A918C6E16E00B22BF1 /* SyncUtilsTests.m */,
				0BF7C6A018C6E16100B22BF1 /* DataPaginatorTests.m */,
				0BF7C6A118C6E16100B22BF1 /* DefaultCommandDecoderTests.m */,
				0BF7C6A218C6E16100B22BF1 /* DefaultCommandEncoderTests.m */,
				0BF7C5E418C6E0A300B22BF1 /* Supporting Files */,
			);
			path = bloodSheltieTests;
			sourceTree = "<group>";
		};
		0BF7C5E418C6E0A300B22BF1 /* Supporting Files */ = {
			isa = PBXGroup;
			children = (
				0BF7C5E518C6E0A300B22BF1 /* bloodSheltieTests-Info.plist */,
				0BF7C5E618C6E0A300B22BF1 /* InfoPlist.strings */,
			);
			name = "Supporting Files";
			sourceTree = "<group>";
		};
		0BF7C60518C6E0FC00B22BF1 /* request */ = {
			isa = PBXGroup;
			children = (
				0BF7C60618C6E0FC00B22BF1 /* ReadDatabasePageRangeRequest.h */,
				0BF7C60718C6E0FC00B22BF1 /* ReadDatabasePageRangeRequest.m */,
				0BF7C60818C6E0FC00B22BF1 /* ReadDatabasePagesRequest.h */,
				0BF7C60918C6E0FC00B22BF1 /* ReadDatabasePagesRequest.m */,
				0BF7C60A18C6E0FC00B22BF1 /* ReceiverRequest.h */,
				0BF7C60B18C6E0FC00B22BF1 /* ReceiverRequest.m */,
				7DCB94A6356E6DBEB94D9B53 /* GenericWriteRequest.m */,
				7DCB9CF470B31E4FE212EB03 /* GenericWriteRequest.h */,
			);
			path = request;
			sourceTree = "<group>";
		};
		0BF7C61218C6E10800B22BF1 /* response */ = {
			isa = PBXGroup;
			children = (
				0BF7C61318C6E10800B22BF1 /* GenericPayload.h */,
				0BF7C61418C6E10800B22BF1 /* GenericPayload.m */,
				0BF7C61518C6E10800B22BF1 /* GenericRecord.h */,
				0BF7C61618C6E10800B22BF1 /* GenericRecord.m */,
				0BF7C61718C6E10800B22BF1 /* GlucoseReadRecord.h */,
				0BF7C61818C6E10800B22BF1 /* GlucoseReadRecord.m */,
				0BF7C61918C6E10800B22BF1 /* GlucoseUnitSetting.h */,
				0BF7C61A18C6E10800B22BF1 /* GlucoseUnitSetting.m */,
				0BF7C61B18C6E10800B22BF1 /* ManufacturingParameters.h */,
				0BF7C61C18C6E10800B22BF1 /* ManufacturingParameters.m */,
				0BF7C61D18C6E10800B22BF1 /* MeterReadRecord.h */,
				0BF7C61E18C6E10800B22BF1 /* MeterReadRecord.m */,
				0BF7C61F18C6E10800B22BF1 /* PageRange.h */,
				0BF7C62018C6E10800B22BF1 /* PageRange.m */,
				0BF7C62118C6E10800B22BF1 /* ReceiverResponse.h */,
				0BF7C62218C6E10800B22BF1 /* ReceiverResponse.m */,
				0BF7C62318C6E10800B22BF1 /* RecordData.h */,
				0BF7C62418C6E10800B22BF1 /* RecordData.m */,
				0BF7C62518C6E10800B22BF1 /* ResponseHeader.h */,
				0BF7C62618C6E10800B22BF1 /* ResponseHeader.m */,
				0BF7C62718C6E10800B22BF1 /* ResponsePayload.h */,
				0BF7C62818C6E10800B22BF1 /* ResponsePayload.m */,
				0BF7C62918C6E10800B22BF1 /* UserEventRecord.h */,
				0BF7C62A18C6E10800B22BF1 /* UserEventRecord.m */,
				7DCB93C4DBAD4F221CB58175 /* TimeOffset.m */,
				7DCB9F8A3CFCC7E6B9C78F8C /* TimeOffset.h */,
				7DCB9597AB1A817BD27C8334 /* DexcomTime.m */,
				7DCB9277921B2F03628B2EE8 /* DexcomTime.h */,
			);
			path = response;
			sourceTree = "<group>";
		};
		0BF7C64318C6E11000B22BF1 /* sync */ = {
			isa = PBXGroup;
			children = (
				0BF7C64418C6E11000B22BF1 /* DataPaginator.h */,
				0BF7C64518C6E11000B22BF1 /* DataPaginator.m */,
				0BF7C64618C6E11000B22BF1 /* FreshDataFetcher.h */,
				0BF7C64718C6E11000B22BF1 /* FreshDataFetcher.m */,
				0BF7C64818C6E11000B22BF1 /* InternalSyncData.h */,
				0BF7C64918C6E11000B22BF1 /* InternalSyncData.m */,
				0BF7C64A18C6E11000B22BF1 /* SyncDataAdapter.h */,
				0BF7C64B18C6E11000B22BF1 /* SyncDataAdapter.m */,
				0BF7C64C18C6E11000B22BF1 /* SyncDataFilter.h */,
				0BF7C64D18C6E11000B22BF1 /* SyncDataFilter.m */,
				0BF7C64E18C6E11000B22BF1 /* SyncUtils.h */,
				0BF7C64F18C6E11000B22BF1 /* SyncUtils.m */,
			);
			path = sync;
			sourceTree = "<group>";
		};
		0BF7C65C18C6E11A00B22BF1 /* TBXML */ = {
			isa = PBXGroup;
			children = (
				0BF7C65D18C6E11A00B22BF1 /* TBXML.h */,
				0BF7C65E18C6E11A00B22BF1 /* TBXML.m */,
			);
			path = TBXML;
			sourceTree = "<group>";
		};
		0BF7C66118C6E12600B22BF1 /* model */ = {
			isa = PBXGroup;
			children = (
				0BF7C66218C6E12600B22BF1 /* ExerciseEvent.h */,
				0BF7C66318C6E12600B22BF1 /* ExerciseEvent.m */,
				0BF7C66418C6E12600B22BF1 /* FoodEvent.h */,
				0BF7C66518C6E12600B22BF1 /* FoodEvent.m */,
				0BF7C66618C6E12600B22BF1 /* GlucoseRead.h */,
				0BF7C66718C6E12600B22BF1 /* GlucoseRead.m */,
				0BF7C66818C6E12600B22BF1 /* HealthEvent.h */,
				0BF7C66918C6E12600B22BF1 /* HealthEvent.m */,
				0BF7C66A18C6E12600B22BF1 /* InsulinInjection.h */,
				0BF7C66B18C6E12600B22BF1 /* InsulinInjection.m */,
				0BF7C66C18C6E12600B22BF1 /* MeterRead.h */,
				0BF7C66D18C6E12600B22BF1 /* MeterRead.m */,
				0BF7C66E18C6E12600B22BF1 /* TimestampedEvent.h */,
				0BF7C66F18C6E12600B22BF1 /* TimestampedEvent.m */,
				0BF7C67018C6E12600B22BF1 /* TimestampedValue.h */,
				0BF7C67118C6E12600B22BF1 /* TimestampedValue.m */,
				7DCB974ECFE7C571E3603EB0 /* ModelTypes.h */,
			);
			path = model;
			sourceTree = "<group>";
		};
		0BF7C68218C6E13400B22BF1 /* event */ = {
			isa = PBXGroup;
			children = (
				0BF7C68318C6E13400B22BF1 /* ReceiverEvent.h */,
				0BF7C68418C6E13400B22BF1 /* ReceiverEvent.m */,
				0BF7C68518C6E13400B22BF1 /* SyncCompletionEvent.h */,
				0BF7C68618C6E13400B22BF1 /* SyncCompletionEvent.m */,
				0BF7C68718C6E13400B22BF1 /* SyncEvent.h */,
				0BF7C68818C6E13400B22BF1 /* SyncEvent.m */,
				7DCB9D3BBFC85CE70D2B3EF1 /* SyncProgressEvent.m */,
				7DCB9F552DF7A8266E300EC2 /* SyncProgressEvent.h */,
			);
			path = event;
			sourceTree = "<group>";
		};
		0BF7C68F18C6E13D00B22BF1 /* encoding */ = {
			isa = PBXGroup;
			children = (
				0BF7C69018C6E13D00B22BF1 /* DefaultDecoder.h */,
				0BF7C69118C6E13D00B22BF1 /* DefaultDecoder.m */,
				0BF7C69218C6E13D00B22BF1 /* DefaultEncoder.h */,
				0BF7C69318C6E13D00B22BF1 /* DefaultEncoder.m */,
				0BF7C69418C6E13D00B22BF1 /* EncodingUtils.h */,
				0BF7C69518C6E13D00B22BF1 /* EncodingUtils.m */,
				0BF7C69618C6E13D00B22BF1 /* Types.h */,
				0BF7C69718C6E13D00B22BF1 /* Types.m */,
			);
			path = encoding;
			sourceTree = "<group>";
		};
		0BFC1B0218C6FE8A004FDE96 /* ORSSerialPort */ = {
			isa = PBXGroup;
			children = (
				0BFC1B0318C6FE8A004FDE96 /* ORSSerialPort.h */,
				0BFC1B0418C6FE8A004FDE96 /* ORSSerialPort.m */,
				0BFC1B0518C6FE8A004FDE96 /* ORSSerialPortManager.h */,
				0BFC1B0618C6FE8A004FDE96 /* ORSSerialPortManager.m */,
			);
			name = ORSSerialPort;
			path = ORSSerialPort/Source;
			sourceTree = SOURCE_ROOT;
		};
/* End PBXGroup section */

/* Begin PBXHeadersBuildPhase section */
		0BF7C5C218C6E0A300B22BF1 /* Headers */ = {
			isa = PBXHeadersBuildPhase;
			buildActionMask = 2147483647;
			files = (
				0BF7C5F518C6E0D100B22BF1 /* RecordSyncTag.h in Headers */,
				0BF7C67E18C6E12600B22BF1 /* TimestampedEvent.h in Headers */,
				0BF7C63718C6E10800B22BF1 /* PageRange.h in Headers */,
				0BF7C62D18C6E10800B22BF1 /* GenericRecord.h in Headers */,
				0BF7C67C18C6E12600B22BF1 /* MeterRead.h in Headers */,
				0BF7C65218C6E11000B22BF1 /* FreshDataFetcher.h in Headers */,
				0BF7C63118C6E10800B22BF1 /* GlucoseUnitSetting.h in Headers */,
				0BF7C65418C6E11000B22BF1 /* InternalSyncData.h in Headers */,
				0BF7C67418C6E12600B22BF1 /* FoodEvent.h in Headers */,
				0BF7C62F18C6E10800B22BF1 /* GlucoseReadRecord.h in Headers */,
				0BF7C5FE18C6E0E100B22BF1 /* SyncData.h in Headers */,
				0BF7C69A18C6E13D00B22BF1 /* DefaultEncoder.h in Headers */,
				0BF7C65018C6E11000B22BF1 /* DataPaginator.h in Headers */,
				0BF7C60C18C6E0FC00B22BF1 /* ReadDatabasePageRangeRequest.h in Headers */,
				0BF7C63F18C6E10800B22BF1 /* ResponsePayload.h in Headers */,
				0BF7C67218C6E12600B22BF1 /* ExerciseEvent.h in Headers */,
				0BF7C67A18C6E12600B22BF1 /* InsulinInjection.h in Headers */,
				7DCB9D67D702B7ADECDF7D0F /* SyncProgressEvent.h in Headers */,
				0BF7C68B18C6E13400B22BF1 /* SyncCompletionEvent.h in Headers */,
				0BF7C69E18C6E13D00B22BF1 /* Types.h in Headers */,
				0BFC1B0718C6FE8A004FDE96 /* ORSSerialPort.h in Headers */,
				0BF7C62B18C6E10800B22BF1 /* GenericPayload.h in Headers */,
				0BF7C68018C6E12600B22BF1 /* TimestampedValue.h in Headers */,
				0BF7C65F18C6E11A00B22BF1 /* TBXML.h in Headers */,
				0BF7C60018C6E0E100B22BF1 /* SyncEventObserver.h in Headers */,
				0BFC1B0918C6FE8A004FDE96 /* ORSSerialPortManager.h in Headers */,
				0BF7C60E18C6E0FC00B22BF1 /* ReadDatabasePagesRequest.h in Headers */,
				0BF7C69C18C6E13D00B22BF1 /* EncodingUtils.h in Headers */,
				0BF7C61018C6E0FC00B22BF1 /* ReceiverRequest.h in Headers */,
				0BF7C60318C6E0E100B22BF1 /* SyncTag.h in Headers */,
				0BF7C63D18C6E10800B22BF1 /* ResponseHeader.h in Headers */,
				0BF7C63918C6E10800B22BF1 /* ReceiverResponse.h in Headers */,
				0BF7C69818C6E13D00B22BF1 /* DefaultDecoder.h in Headers */,
				0BF7C67618C6E12600B22BF1 /* GlucoseRead.h in Headers */,
				0BF7C65818C6E11000B22BF1 /* SyncDataFilter.h in Headers */,
				0BF7C63518C6E10800B22BF1 /* MeterReadRecord.h in Headers */,
				0BF7C63318C6E10800B22BF1 /* ManufacturingParameters.h in Headers */,
				0BF7C63B18C6E10800B22BF1 /* RecordData.h in Headers */,
				0BF7C60118C6E0E100B22BF1 /* SyncManager.h in Headers */,
				0BF7C64118C6E10800B22BF1 /* UserEventRecord.h in Headers */,
				0BF7C68918C6E13400B22BF1 /* ReceiverEvent.h in Headers */,
				0BF7C67818C6E12600B22BF1 /* HealthEvent.h in Headers */,
				0BF7C65618C6E11000B22BF1 /* SyncDataAdapter.h in Headers */,
				0BF7C68D18C6E13400B22BF1 /* SyncEvent.h in Headers */,
				7DCB9AE390AD99341A6F3510 /* ModelTypes.h in Headers */,
				0BF7C65A18C6E11000B22BF1 /* SyncUtils.h in Headers */,
				7DCB950E0B48C24A2DE66A9B /* TimeOffset.h in Headers */,
				7DCB927A6103E993C7299FBA /* DexcomTime.h in Headers */,
				7DCB92683803239082BC5283 /* GenericWriteRequest.h in Headers */,
			);
			runOnlyForDeploymentPostprocessing = 0;
		};
/* End PBXHeadersBuildPhase section */

/* Begin PBXNativeTarget section */
		0B18D60B19402F8A0083D19A /* bloodSheltie-example */ = {
			isa = PBXNativeTarget;
			buildConfigurationList = 0B18D61719402F8A0083D19A /* Build configuration list for PBXNativeTarget "bloodSheltie-example" */;
			buildPhases = (
				6F55A7A98C6748D486596F08 /* Check Pods Manifest.lock */,
				0B18D60819402F8A0083D19A /* Sources */,
				0B18D60919402F8A0083D19A /* Frameworks */,
				0B18D60A19402F8A0083D19A /* CopyFiles */,
				969C7C17130544D1BB611362 /* Copy Pods Resources */,
			);
			buildRules = (
			);
			dependencies = (
			);
			name = "bloodSheltie-example";
			productName = "bloodSheltie-example";
			productReference = 0B18D60C19402F8A0083D19A /* bloodSheltie-example */;
			productType = "com.apple.product-type.tool";
		};
		0BF7C5C418C6E0A300B22BF1 /* bloodSheltie */ = {
			isa = PBXNativeTarget;
			buildConfigurationList = 0BF7C5ED18C6E0A300B22BF1 /* Build configuration list for PBXNativeTarget "bloodSheltie" */;
			buildPhases = (
				FF21660F324F4D908A6E7A49 /* Check Pods Manifest.lock */,
				0BF7C5C018C6E0A300B22BF1 /* Sources */,
				0BF7C5C118C6E0A300B22BF1 /* Frameworks */,
				0BF7C5C218C6E0A300B22BF1 /* Headers */,
				0BF7C5C318C6E0A300B22BF1 /* Resources */,
				24F94C9CB91D4E40A2B3AFF6 /* Copy Pods Resources */,
			);
			buildRules = (
			);
			dependencies = (
			);
			name = bloodSheltie;
			productName = bloodSheltie;
			productReference = 0BF7C5C518C6E0A300B22BF1 /* bloodSheltie.framework */;
			productType = "com.apple.product-type.framework";
		};
		0BF7C5DB18C6E0A300B22BF1 /* bloodSheltieTests */ = {
			isa = PBXNativeTarget;
			buildConfigurationList = 0BF7C5F018C6E0A300B22BF1 /* Build configuration list for PBXNativeTarget "bloodSheltieTests" */;
			buildPhases = (
				30BF248C42264FA69F7BED00 /* Check Pods Manifest.lock */,
				0BF7C5D818C6E0A300B22BF1 /* Sources */,
				0BF7C5D918C6E0A300B22BF1 /* Frameworks */,
				0BF7C5DA18C6E0A300B22BF1 /* Resources */,
				F2B7C9D20E2D4D9199189ACD /* Copy Pods Resources */,
			);
			buildRules = (
			);
			dependencies = (
				0BF7C5E118C6E0A300B22BF1 /* PBXTargetDependency */,
			);
			name = bloodSheltieTests;
			productName = bloodSheltieTests;
			productReference = 0BF7C5DC18C6E0A300B22BF1 /* bloodSheltieTests.xctest */;
			productType = "com.apple.product-type.bundle.unit-test";
		};
/* End PBXNativeTarget section */

/* Begin PBXProject section */
		0BF7C5BC18C6E0A300B22BF1 /* Project object */ = {
			isa = PBXProject;
			attributes = {
				LastUpgradeCheck = 0500;
				ORGANIZATIONNAME = glukit;
				TargetAttributes = {
					0BF7C5DB18C6E0A300B22BF1 = {
						TestTargetID = 0BF7C5C418C6E0A300B22BF1;
					};
				};
			};
			buildConfigurationList = 0BF7C5BF18C6E0A300B22BF1 /* Build configuration list for PBXProject "bloodSheltie" */;
			compatibilityVersion = "Xcode 3.2";
			developmentRegion = English;
			hasScannedForEncodings = 0;
			knownRegions = (
				en,
			);
			mainGroup = 0BF7C5BB18C6E0A300B22BF1;
			productRefGroup = 0BF7C5C618C6E0A300B22BF1 /* Products */;
			projectDirPath = "";
			projectRoot = "";
			targets = (
				0BF7C5C418C6E0A300B22BF1 /* bloodSheltie */,
				0BF7C5DB18C6E0A300B22BF1 /* bloodSheltieTests */,
				0B18D60B19402F8A0083D19A /* bloodSheltie-example */,
			);
		};
/* End PBXProject section */

/* Begin PBXResourcesBuildPhase section */
		0BF7C5C318C6E0A300B22BF1 /* Resources */ = {
			isa = PBXResourcesBuildPhase;
			buildActionMask = 2147483647;
			files = (
				0BF7C5D318C6E0A300B22BF1 /* InfoPlist.strings in Resources */,
			);
			runOnlyForDeploymentPostprocessing = 0;
		};
		0BF7C5DA18C6E0A300B22BF1 /* Resources */ = {
			isa = PBXResourcesBuildPhase;
			buildActionMask = 2147483647;
			files = (
				0BF7C5E818C6E0A300B22BF1 /* InfoPlist.strings in Resources */,
			);
			runOnlyForDeploymentPostprocessing = 0;
		};
/* End PBXResourcesBuildPhase section */

/* Begin PBXShellScriptBuildPhase section */
		24F94C9CB91D4E40A2B3AFF6 /* Copy Pods Resources */ = {
			isa = PBXShellScriptBuildPhase;
			buildActionMask = 2147483647;
			files = (
			);
			inputPaths = (
			);
			name = "Copy Pods Resources";
			outputPaths = (
			);
			runOnlyForDeploymentPostprocessing = 0;
			shellPath = /bin/sh;
			shellScript = "\"${SRCROOT}/Pods/Pods-resources.sh\"\n";
			showEnvVarsInLog = 0;
		};
		30BF248C42264FA69F7BED00 /* Check Pods Manifest.lock */ = {
			isa = PBXShellScriptBuildPhase;
			buildActionMask = 2147483647;
			files = (
			);
			inputPaths = (
			);
			name = "Check Pods Manifest.lock";
			outputPaths = (
			);
			runOnlyForDeploymentPostprocessing = 0;
			shellPath = /bin/sh;
			shellScript = "diff \"${PODS_ROOT}/../Podfile.lock\" \"${PODS_ROOT}/Manifest.lock\" > /dev/null\nif [[ $? != 0 ]] ; then\n    cat << EOM\nerror: The sandbox is not in sync with the Podfile.lock. Run 'pod install' or update your CocoaPods installation.\nEOM\n    exit 1\nfi\n";
			showEnvVarsInLog = 0;
		};
		6F55A7A98C6748D486596F08 /* Check Pods Manifest.lock */ = {
			isa = PBXShellScriptBuildPhase;
			buildActionMask = 2147483647;
			files = (
			);
			inputPaths = (
			);
			name = "Check Pods Manifest.lock";
			outputPaths = (
			);
			runOnlyForDeploymentPostprocessing = 0;
			shellPath = /bin/sh;
			shellScript = "diff \"${PODS_ROOT}/../Podfile.lock\" \"${PODS_ROOT}/Manifest.lock\" > /dev/null\nif [[ $? != 0 ]] ; then\n    cat << EOM\nerror: The sandbox is not in sync with the Podfile.lock. Run 'pod install' or update your CocoaPods installation.\nEOM\n    exit 1\nfi\n";
			showEnvVarsInLog = 0;
		};
		969C7C17130544D1BB611362 /* Copy Pods Resources */ = {
			isa = PBXShellScriptBuildPhase;
			buildActionMask = 2147483647;
			files = (
			);
			inputPaths = (
			);
			name = "Copy Pods Resources";
			outputPaths = (
			);
			runOnlyForDeploymentPostprocessing = 0;
			shellPath = /bin/sh;
			shellScript = "\"${SRCROOT}/Pods/Pods-resources.sh\"\n";
			showEnvVarsInLog = 0;
		};
		F2B7C9D20E2D4D9199189ACD /* Copy Pods Resources */ = {
			isa = PBXShellScriptBuildPhase;
			buildActionMask = 2147483647;
			files = (
			);
			inputPaths = (
			);
			name = "Copy Pods Resources";
			outputPaths = (
			);
			runOnlyForDeploymentPostprocessing = 0;
			shellPath = /bin/sh;
			shellScript = "\"${SRCROOT}/Pods/Pods-resources.sh\"\n";
			showEnvVarsInLog = 0;
		};
		FF21660F324F4D908A6E7A49 /* Check Pods Manifest.lock */ = {
			isa = PBXShellScriptBuildPhase;
			buildActionMask = 2147483647;
			files = (
			);
			inputPaths = (
			);
			name = "Check Pods Manifest.lock";
			outputPaths = (
			);
			runOnlyForDeploymentPostprocessing = 0;
			shellPath = /bin/sh;
			shellScript = "diff \"${PODS_ROOT}/../Podfile.lock\" \"${PODS_ROOT}/Manifest.lock\" > /dev/null\nif [[ $? != 0 ]] ; then\n    cat << EOM\nerror: The sandbox is not in sync with the Podfile.lock. Run 'pod install' or update your CocoaPods installation.\nEOM\n    exit 1\nfi\n";
			showEnvVarsInLog = 0;
		};
/* End PBXShellScriptBuildPhase section */

/* Begin PBXSourcesBuildPhase section */
		0B18D60819402F8A0083D19A /* Sources */ = {
			isa = PBXSourcesBuildPhase;
			buildActionMask = 2147483647;
			files = (
				0B18D61019402F8A0083D19A /* main.m in Sources */,
				0B18D61B194030E90083D19A /* LoggingObserver.m in Sources */,
			);
			runOnlyForDeploymentPostprocessing = 0;
		};
		0BF7C5C018C6E0A300B22BF1 /* Sources */ = {
			isa = PBXSourcesBuildPhase;
			buildActionMask = 2147483647;
			files = (
				0BF7C67318C6E12600B22BF1 /* ExerciseEvent.m in Sources */,
				0BF7C65B18C6E11000B22BF1 /* SyncUtils.m in Sources */,
				0BF7C63418C6E10800B22BF1 /* ManufacturingParameters.m in Sources */,
				0BF7C63A18C6E10800B22BF1 /* ReceiverResponse.m in Sources */,
				0BF7C63818C6E10800B22BF1 /* PageRange.m in Sources */,
				0BF7C68A18C6E13400B22BF1 /* ReceiverEvent.m in Sources */,
				0BF7C65918C6E11000B22BF1 /* SyncDataFilter.m in Sources */,
				0BF7C67718C6E12600B22BF1 /* GlucoseRead.m in Sources */,
				0BF7C60218C6E0E100B22BF1 /* SyncManager.m in Sources */,
				0BF7C64218C6E10800B22BF1 /* UserEventRecord.m in Sources */,
				0BF7C60F18C6E0FC00B22BF1 /* ReadDatabasePagesRequest.m in Sources */,
				0BF7C65518C6E11000B22BF1 /* InternalSyncData.m in Sources */,
				0BF7C67918C6E12600B22BF1 /* HealthEvent.m in Sources */,
				0BF7C66018C6E11A00B22BF1 /* TBXML.m in Sources */,
				0BF7C64018C6E10800B22BF1 /* ResponsePayload.m in Sources */,
				0BF7C61118C6E0FC00B22BF1 /* ReceiverRequest.m in Sources */,
				0BF7C69B18C6E13D00B22BF1 /* DefaultEncoder.m in Sources */,
				0BF7C63218C6E10800B22BF1 /* GlucoseUnitSetting.m in Sources */,
				0BF7C67518C6E12600B22BF1 /* FoodEvent.m in Sources */,
				0BF7C68C18C6E13400B22BF1 /* SyncCompletionEvent.m in Sources */,
				0BF7C65118C6E11000B22BF1 /* DataPaginator.m in Sources */,
				0BFC1B0818C6FE8A004FDE96 /* ORSSerialPort.m in Sources */,
				0BF7C67D18C6E12600B22BF1 /* MeterRead.m in Sources */,
				0BF7C68E18C6E13400B22BF1 /* SyncEvent.m in Sources */,
				0BF7C67B18C6E12600B22BF1 /* InsulinInjection.m in Sources */,
				0BF7C63E18C6E10800B22BF1 /* ResponseHeader.m in Sources */,
				0BF7C5FF18C6E0E100B22BF1 /* SyncData.m in Sources */,
				0BF7C65318C6E11000B22BF1 /* FreshDataFetcher.m in Sources */,
				0BF7C63018C6E10800B22BF1 /* GlucoseReadRecord.m in Sources */,
				0BF7C5F618C6E0D100B22BF1 /* RecordSyncTag.m in Sources */,
				0BF7C63618C6E10800B22BF1 /* MeterReadRecord.m in Sources */,
				0BF7C67F18C6E12600B22BF1 /* TimestampedEvent.m in Sources */,
				0BFC1B0A18C6FE8A004FDE96 /* ORSSerialPortManager.m in Sources */,
				0BF7C68118C6E12600B22BF1 /* TimestampedValue.m in Sources */,
				0BF7C69D18C6E13D00B22BF1 /* EncodingUtils.m in Sources */,
				0BF7C69F18C6E13D00B22BF1 /* Types.m in Sources */,
				0BF7C60D18C6E0FC00B22BF1 /* ReadDatabasePageRangeRequest.m in Sources */,
				0BF7C62E18C6E10800B22BF1 /* GenericRecord.m in Sources */,
				0BF7C69918C6E13D00B22BF1 /* DefaultDecoder.m in Sources */,
				0BF7C60418C6E0E100B22BF1 /* SyncTag.m in Sources */,
				0BF7C65718C6E11000B22BF1 /* SyncDataAdapter.m in Sources */,
				0BF7C62C18C6E10800B22BF1 /* GenericPayload.m in Sources */,
				0BF7C63C18C6E10800B22BF1 /* RecordData.m in Sources */,
				7DCB94DD254B751C68429135 /* SyncProgressEvent.m in Sources */,
				7DCB91C70604DD24178A445C /* TimeOffset.m in Sources */,
				7DCB955CF40F8347634ADC58 /* DexcomTime.m in Sources */,
				7DCB921671FBCA9152B47CCB /* GenericWriteRequest.m in Sources */,
			);
			runOnlyForDeploymentPostprocessing = 0;
		};
		0BF7C5D818C6E0A300B22BF1 /* Sources */ = {
			isa = PBXSourcesBuildPhase;
			buildActionMask = 2147483647;
			files = (
				0BF7C6AA18C6E16E00B22BF1 /* EncodingUtilsTests.m in Sources */,
				0BF7C6A418C6E16100B22BF1 /* DefaultCommandDecoderTests.m in Sources */,
				0BF7C6AC18C6E16E00B22BF1 /* SyncDataFilterTests.m in Sources */,
				0BF7C6AD18C6E16E00B22BF1 /* SyncUtilsTests.m in Sources */,
				0BF7C6A518C6E16100B22BF1 /* DefaultCommandEncoderTests.m in Sources */,
				0BF7C6AB18C6E16E00B22BF1 /* SyncDataAdapterTests.m in Sources */,
				0BF7C6A318C6E16100B22BF1 /* DataPaginatorTests.m in Sources */,
			);
			runOnlyForDeploymentPostprocessing = 0;
		};
/* End PBXSourcesBuildPhase section */

/* Begin PBXTargetDependency section */
		0BF7C5E118C6E0A300B22BF1 /* PBXTargetDependency */ = {
			isa = PBXTargetDependency;
			target = 0BF7C5C418C6E0A300B22BF1 /* bloodSheltie */;
			targetProxy = 0BF7C5E018C6E0A300B22BF1 /* PBXContainerItemProxy */;
		};
/* End PBXTargetDependency section */

/* Begin PBXVariantGroup section */
		0BF7C5D118C6E0A300B22BF1 /* InfoPlist.strings */ = {
			isa = PBXVariantGroup;
			children = (
				0BF7C5D218C6E0A300B22BF1 /* en */,
			);
			name = InfoPlist.strings;
			sourceTree = "<group>";
		};
		0BF7C5E618C6E0A300B22BF1 /* InfoPlist.strings */ = {
			isa = PBXVariantGroup;
			children = (
				0BF7C5E718C6E0A300B22BF1 /* en */,
			);
			name = InfoPlist.strings;
			sourceTree = "<group>";
		};
/* End PBXVariantGroup section */

/* Begin XCBuildConfiguration section */
		0B18D61519402F8A0083D19A /* Debug */ = {
			isa = XCBuildConfiguration;
			baseConfigurationReference = 59BB7E42066242B3BDE0A6D2 /* Pods.xcconfig */;
			buildSettings = {
				CLANG_ENABLE_MODULES = YES;
				GCC_PRECOMPILE_PREFIX_HEADER = YES;
				GCC_PREFIX_HEADER = "bloodSheltie-example/bloodSheltie-example-Prefix.pch";
				GCC_PREPROCESSOR_DEFINITIONS = (
					"DEBUG=1",
					"$(inherited)",
				);
				GCC_WARN_UNINITIALIZED_AUTOS = YES_AGGRESSIVE;
				PRODUCT_NAME = "$(TARGET_NAME)";
			};
			name = Debug;
		};
		0B18D61619402F8A0083D19A /* Release */ = {
			isa = XCBuildConfiguration;
			baseConfigurationReference = 59BB7E42066242B3BDE0A6D2 /* Pods.xcconfig */;
			buildSettings = {
				CLANG_ENABLE_MODULES = YES;
				GCC_PRECOMPILE_PREFIX_HEADER = YES;
				GCC_PREFIX_HEADER = "bloodSheltie-example/bloodSheltie-example-Prefix.pch";
				GCC_WARN_UNINITIALIZED_AUTOS = YES_AGGRESSIVE;
				PRODUCT_NAME = "$(TARGET_NAME)";
			};
			name = Release;
		};
		0BF7C5EB18C6E0A300B22BF1 /* Debug */ = {
			isa = XCBuildConfiguration;
			buildSettings = {
				ALWAYS_SEARCH_USER_PATHS = NO;
				CLANG_CXX_LANGUAGE_STANDARD = "gnu++0x";
				CLANG_CXX_LIBRARY = "libc++";
				CLANG_ENABLE_OBJC_ARC = YES;
				CLANG_WARN_BOOL_CONVERSION = YES;
				CLANG_WARN_CONSTANT_CONVERSION = YES;
				CLANG_WARN_DIRECT_OBJC_ISA_USAGE = YES_ERROR;
				CLANG_WARN_EMPTY_BODY = YES;
				CLANG_WARN_ENUM_CONVERSION = YES;
				CLANG_WARN_INT_CONVERSION = YES;
				CLANG_WARN_OBJC_ROOT_CLASS = YES_ERROR;
				CLANG_WARN__DUPLICATE_METHOD_MATCH = YES;
				COPY_PHASE_STRIP = NO;
				GCC_C_LANGUAGE_STANDARD = gnu99;
				GCC_DYNAMIC_NO_PIC = NO;
				GCC_ENABLE_OBJC_EXCEPTIONS = YES;
				GCC_OPTIMIZATION_LEVEL = 0;
				GCC_PREPROCESSOR_DEFINITIONS = (
					"DEBUG=1",
					"$(inherited)",
				);
				GCC_SYMBOLS_PRIVATE_EXTERN = NO;
				GCC_WARN_64_TO_32_BIT_CONVERSION = YES;
				GCC_WARN_ABOUT_RETURN_TYPE = YES_ERROR;
				GCC_WARN_UNDECLARED_SELECTOR = YES;
				GCC_WARN_UNINITIALIZED_AUTOS = YES;
				GCC_WARN_UNUSED_FUNCTION = YES;
				GCC_WARN_UNUSED_VARIABLE = YES;
				MACOSX_DEPLOYMENT_TARGET = 10.9;
				ONLY_ACTIVE_ARCH = YES;
				SDKROOT = macosx;
			};
			name = Debug;
		};
		0BF7C5EC18C6E0A300B22BF1 /* Release */ = {
			isa = XCBuildConfiguration;
			buildSettings = {
				ALWAYS_SEARCH_USER_PATHS = NO;
				CLANG_CXX_LANGUAGE_STANDARD = "gnu++0x";
				CLANG_CXX_LIBRARY = "libc++";
				CLANG_ENABLE_OBJC_ARC = YES;
				CLANG_WARN_BOOL_CONVERSION = YES;
				CLANG_WARN_CONSTANT_CONVERSION = YES;
				CLANG_WARN_DIRECT_OBJC_ISA_USAGE = YES_ERROR;
				CLANG_WARN_EMPTY_BODY = YES;
				CLANG_WARN_ENUM_CONVERSION = YES;
				CLANG_WARN_INT_CONVERSION = YES;
				CLANG_WARN_OBJC_ROOT_CLASS = YES_ERROR;
				CLANG_WARN__DUPLICATE_METHOD_MATCH = YES;
				COPY_PHASE_STRIP = YES;
				DEBUG_INFORMATION_FORMAT = "dwarf-with-dsym";
				ENABLE_NS_ASSERTIONS = NO;
				GCC_C_LANGUAGE_STANDARD = gnu99;
				GCC_ENABLE_OBJC_EXCEPTIONS = YES;
				GCC_WARN_64_TO_32_BIT_CONVERSION = YES;
				GCC_WARN_ABOUT_RETURN_TYPE = YES_ERROR;
				GCC_WARN_UNDECLARED_SELECTOR = YES;
				GCC_WARN_UNINITIALIZED_AUTOS = YES;
				GCC_WARN_UNUSED_FUNCTION = YES;
				GCC_WARN_UNUSED_VARIABLE = YES;
				MACOSX_DEPLOYMENT_TARGET = 10.9;
				SDKROOT = macosx;
			};
			name = Release;
		};
		0BF7C5EE18C6E0A300B22BF1 /* Debug */ = {
			isa = XCBuildConfiguration;
			baseConfigurationReference = 59BB7E42066242B3BDE0A6D2 /* Pods.xcconfig */;
			buildSettings = {
				COMBINE_HIDPI_IMAGES = YES;
				DSTROOT = "";
				DYLIB_COMPATIBILITY_VERSION = 1;
				DYLIB_CURRENT_VERSION = 1;
				FRAMEWORK_VERSION = A;
				GCC_PRECOMPILE_PREFIX_HEADER = YES;
				GCC_PREFIX_HEADER = "bloodSheltie/bloodSheltie-Prefix.pch";
				HEADER_SEARCH_PATHS = (
					"$(inherited)",
					/Applications/Xcode.app/Contents/Developer/Toolchains/XcodeDefault.xctoolchain/usr/include,
					"\"$(BUILD_ROOT)/../IntermediateBuildFilesPath/UninstalledProducts/include\"",
					"$(inherited)",
				);
				INFOPLIST_FILE = "bloodSheltie/bloodSheltie-Info.plist";
				INSTALL_PATH = "@rpath";
				PRODUCT_NAME = "$(TARGET_NAME)";
				WRAPPER_EXTENSION = framework;
			};
			name = Debug;
		};
		0BF7C5EF18C6E0A300B22BF1 /* Release */ = {
			isa = XCBuildConfiguration;
			baseConfigurationReference = 59BB7E42066242B3BDE0A6D2 /* Pods.xcconfig */;
			buildSettings = {
				COMBINE_HIDPI_IMAGES = YES;
				DSTROOT = "";
				DYLIB_COMPATIBILITY_VERSION = 1;
				DYLIB_CURRENT_VERSION = 1;
				FRAMEWORK_VERSION = A;
				GCC_PRECOMPILE_PREFIX_HEADER = YES;
				GCC_PREFIX_HEADER = "bloodSheltie/bloodSheltie-Prefix.pch";
				HEADER_SEARCH_PATHS = (
					"$(inherited)",
					/Applications/Xcode.app/Contents/Developer/Toolchains/XcodeDefault.xctoolchain/usr/include,
					"\"$(BUILD_ROOT)/../IntermediateBuildFilesPath/UninstalledProducts/include\"",
					"$(inherited)",
				);
				INFOPLIST_FILE = "bloodSheltie/bloodSheltie-Info.plist";
				INSTALL_PATH = "@rpath";
				PRODUCT_NAME = "$(TARGET_NAME)";
				WRAPPER_EXTENSION = framework;
			};
			name = Release;
		};
		0BF7C5F118C6E0A300B22BF1 /* Debug */ = {
			isa = XCBuildConfiguration;
			baseConfigurationReference = 59BB7E42066242B3BDE0A6D2 /* Pods.xcconfig */;
			buildSettings = {
				BUNDLE_LOADER = "$(BUILT_PRODUCTS_DIR)/bloodSheltie.framework/Versions/A/bloodSheltie";
				COMBINE_HIDPI_IMAGES = YES;
				FRAMEWORK_SEARCH_PATHS = (
					"$(DEVELOPER_FRAMEWORKS_DIR)",
					"$(inherited)",
				);
				GCC_PRECOMPILE_PREFIX_HEADER = YES;
				GCC_PREFIX_HEADER = "bloodSheltie/bloodSheltie-Prefix.pch";
				GCC_PREPROCESSOR_DEFINITIONS = (
					"DEBUG=1",
					"$(inherited)",
				);
				INFOPLIST_FILE = "bloodSheltieTests/bloodSheltieTests-Info.plist";
				PRODUCT_NAME = "$(TARGET_NAME)";
				TEST_HOST = "$(BUNDLE_LOADER)";
				WRAPPER_EXTENSION = xctest;
			};
			name = Debug;
		};
		0BF7C5F218C6E0A300B22BF1 /* Release */ = {
			isa = XCBuildConfiguration;
			baseConfigurationReference = 59BB7E42066242B3BDE0A6D2 /* Pods.xcconfig */;
			buildSettings = {
				BUNDLE_LOADER = "$(BUILT_PRODUCTS_DIR)/bloodSheltie.framework/Versions/A/bloodSheltie";
				COMBINE_HIDPI_IMAGES = YES;
				FRAMEWORK_SEARCH_PATHS = (
					"$(DEVELOPER_FRAMEWORKS_DIR)",
					"$(inherited)",
				);
				GCC_PRECOMPILE_PREFIX_HEADER = YES;
				GCC_PREFIX_HEADER = "bloodSheltie/bloodSheltie-Prefix.pch";
				INFOPLIST_FILE = "bloodSheltieTests/bloodSheltieTests-Info.plist";
				PRODUCT_NAME = "$(TARGET_NAME)";
				TEST_HOST = "$(BUNDLE_LOADER)";
				WRAPPER_EXTENSION = xctest;
			};
			name = Release;
		};
/* End XCBuildConfiguration section */

/* Begin XCConfigurationList section */
		0B18D61719402F8A0083D19A /* Build configuration list for PBXNativeTarget "bloodSheltie-example" */ = {
			isa = XCConfigurationList;
			buildConfigurations = (
				0B18D61519402F8A0083D19A /* Debug */,
				0B18D61619402F8A0083D19A /* Release */,
			);
			defaultConfigurationIsVisible = 0;
			defaultConfigurationName = Release;
		};
		0BF7C5BF18C6E0A300B22BF1 /* Build configuration list for PBXProject "bloodSheltie" */ = {
			isa = XCConfigurationList;
			buildConfigurations = (
				0BF7C5EB18C6E0A300B22BF1 /* Debug */,
				0BF7C5EC18C6E0A300B22BF1 /* Release */,
			);
			defaultConfigurationIsVisible = 0;
			defaultConfigurationName = Release;
		};
		0BF7C5ED18C6E0A300B22BF1 /* Build configuration list for PBXNativeTarget "bloodSheltie" */ = {
			isa = XCConfigurationList;
			buildConfigurations = (
				0BF7C5EE18C6E0A300B22BF1 /* Debug */,
				0BF7C5EF18C6E0A300B22BF1 /* Release */,
			);
			defaultConfigurationIsVisible = 0;
			defaultConfigurationName = Release;
		};
		0BF7C5F018C6E0A300B22BF1 /* Build configuration list for PBXNativeTarget "bloodSheltieTests" */ = {
			isa = XCConfigurationList;
			buildConfigurations = (
				0BF7C5F118C6E0A300B22BF1 /* Debug */,
				0BF7C5F218C6E0A300B22BF1 /* Release */,
			);
			defaultConfigurationIsVisible = 0;
			defaultConfigurationName = Release;
		};
/* End XCConfigurationList section */
	};
	rootObject = 0BF7C5BC18C6E0A300B22BF1 /* Project object */;
}
